// !$*UTF8*$!
{
	archiveVersion = 1;
	classes = {
	};
	objectVersion = 46;
	objects = {

/* Begin PBXBuildFile section */
		8A067736142DECF200AB5B24 /* AVFoundation.framework in Frameworks */ = {isa = PBXBuildFile; fileRef = 8A067735142DECF200AB5B24 /* AVFoundation.framework */; };
		8A0677B9142E133900AB5B24 /* FluidR3_GM-1.caf in Resources */ = {isa = PBXBuildFile; fileRef = 8A06773A142E133900AB5B24 /* FluidR3_GM-1.caf */; };
		8A0677BA142E133900AB5B24 /* FluidR3_GM-2.caf in Resources */ = {isa = PBXBuildFile; fileRef = 8A06773B142E133900AB5B24 /* FluidR3_GM-2.caf */; };
		8A0677BB142E133900AB5B24 /* FluidR3_GM-3.caf in Resources */ = {isa = PBXBuildFile; fileRef = 8A06773C142E133900AB5B24 /* FluidR3_GM-3.caf */; };
		8A0677BC142E133900AB5B24 /* FluidR3_GM-4.caf in Resources */ = {isa = PBXBuildFile; fileRef = 8A06773D142E133900AB5B24 /* FluidR3_GM-4.caf */; };
		8A0677BD142E133900AB5B24 /* FluidR3_GM-5.caf in Resources */ = {isa = PBXBuildFile; fileRef = 8A06773E142E133900AB5B24 /* FluidR3_GM-5.caf */; };
		8A0677BE142E133900AB5B24 /* FluidR3_GM-6.caf in Resources */ = {isa = PBXBuildFile; fileRef = 8A06773F142E133900AB5B24 /* FluidR3_GM-6.caf */; };
		8A0677BF142E133900AB5B24 /* FluidR3_GM-7.caf in Resources */ = {isa = PBXBuildFile; fileRef = 8A067740142E133900AB5B24 /* FluidR3_GM-7.caf */; };
		8A0677C0142E133900AB5B24 /* FluidR3_GM-8.caf in Resources */ = {isa = PBXBuildFile; fileRef = 8A067741142E133900AB5B24 /* FluidR3_GM-8.caf */; };
		8A0677C1142E133900AB5B24 /* FluidR3_GM-9.caf in Resources */ = {isa = PBXBuildFile; fileRef = 8A067742142E133900AB5B24 /* FluidR3_GM-9.caf */; };
		8A0677C2142E133900AB5B24 /* FluidR3_GM-10.caf in Resources */ = {isa = PBXBuildFile; fileRef = 8A067743142E133900AB5B24 /* FluidR3_GM-10.caf */; };
		8A0677C3142E133900AB5B24 /* FluidR3_GM-11.caf in Resources */ = {isa = PBXBuildFile; fileRef = 8A067744142E133900AB5B24 /* FluidR3_GM-11.caf */; };
		8A0677C4142E133900AB5B24 /* FluidR3_GM-12.caf in Resources */ = {isa = PBXBuildFile; fileRef = 8A067745142E133900AB5B24 /* FluidR3_GM-12.caf */; };
		8A0677C5142E133900AB5B24 /* FluidR3_GM-13.caf in Resources */ = {isa = PBXBuildFile; fileRef = 8A067746142E133900AB5B24 /* FluidR3_GM-13.caf */; };
		8A0677C6142E133900AB5B24 /* FluidR3_GM-14.caf in Resources */ = {isa = PBXBuildFile; fileRef = 8A067747142E133900AB5B24 /* FluidR3_GM-14.caf */; };
		8A0677C7142E133900AB5B24 /* FluidR3_GM-15.caf in Resources */ = {isa = PBXBuildFile; fileRef = 8A067748142E133900AB5B24 /* FluidR3_GM-15.caf */; };
		8A0677C8142E133900AB5B24 /* FluidR3_GM-16.caf in Resources */ = {isa = PBXBuildFile; fileRef = 8A067749142E133900AB5B24 /* FluidR3_GM-16.caf */; };
		8A0677C9142E133900AB5B24 /* FluidR3_GM-17.caf in Resources */ = {isa = PBXBuildFile; fileRef = 8A06774A142E133900AB5B24 /* FluidR3_GM-17.caf */; };
		8A0677CA142E133900AB5B24 /* FluidR3_GM-18.caf in Resources */ = {isa = PBXBuildFile; fileRef = 8A06774B142E133900AB5B24 /* FluidR3_GM-18.caf */; };
		8A0677CB142E133900AB5B24 /* FluidR3_GM-19.caf in Resources */ = {isa = PBXBuildFile; fileRef = 8A06774C142E133900AB5B24 /* FluidR3_GM-19.caf */; };
		8A0677CC142E133900AB5B24 /* FluidR3_GM-20.caf in Resources */ = {isa = PBXBuildFile; fileRef = 8A06774D142E133900AB5B24 /* FluidR3_GM-20.caf */; };
		8A0677CD142E133900AB5B24 /* FluidR3_GM-21.caf in Resources */ = {isa = PBXBuildFile; fileRef = 8A06774E142E133900AB5B24 /* FluidR3_GM-21.caf */; };
		8A0677CE142E133900AB5B24 /* FluidR3_GM-22.caf in Resources */ = {isa = PBXBuildFile; fileRef = 8A06774F142E133900AB5B24 /* FluidR3_GM-22.caf */; };
		8A0677CF142E133900AB5B24 /* FluidR3_GM-23.caf in Resources */ = {isa = PBXBuildFile; fileRef = 8A067750142E133900AB5B24 /* FluidR3_GM-23.caf */; };
		8A0677D0142E133900AB5B24 /* FluidR3_GM-24.caf in Resources */ = {isa = PBXBuildFile; fileRef = 8A067751142E133900AB5B24 /* FluidR3_GM-24.caf */; };
		8A0677D1142E133900AB5B24 /* FluidR3_GM-25.caf in Resources */ = {isa = PBXBuildFile; fileRef = 8A067752142E133900AB5B24 /* FluidR3_GM-25.caf */; };
		8A0677D2142E133900AB5B24 /* FluidR3_GM-26.caf in Resources */ = {isa = PBXBuildFile; fileRef = 8A067753142E133900AB5B24 /* FluidR3_GM-26.caf */; };
		8A0677D3142E133900AB5B24 /* FluidR3_GM-27.caf in Resources */ = {isa = PBXBuildFile; fileRef = 8A067754142E133900AB5B24 /* FluidR3_GM-27.caf */; };
		8A0677D4142E133900AB5B24 /* FluidR3_GM-28.caf in Resources */ = {isa = PBXBuildFile; fileRef = 8A067755142E133900AB5B24 /* FluidR3_GM-28.caf */; };
		8A0677D5142E133900AB5B24 /* FluidR3_GM-29.caf in Resources */ = {isa = PBXBuildFile; fileRef = 8A067756142E133900AB5B24 /* FluidR3_GM-29.caf */; };
		8A0677D6142E133900AB5B24 /* FluidR3_GM-30.caf in Resources */ = {isa = PBXBuildFile; fileRef = 8A067757142E133900AB5B24 /* FluidR3_GM-30.caf */; };
		8A0677D7142E133900AB5B24 /* FluidR3_GM-31.caf in Resources */ = {isa = PBXBuildFile; fileRef = 8A067758142E133900AB5B24 /* FluidR3_GM-31.caf */; };
		8A0677D8142E133900AB5B24 /* FluidR3_GM-32.caf in Resources */ = {isa = PBXBuildFile; fileRef = 8A067759142E133900AB5B24 /* FluidR3_GM-32.caf */; };
		8A0677D9142E133900AB5B24 /* FluidR3_GM-33.caf in Resources */ = {isa = PBXBuildFile; fileRef = 8A06775A142E133900AB5B24 /* FluidR3_GM-33.caf */; };
		8A0677DA142E133900AB5B24 /* FluidR3_GM-34.caf in Resources */ = {isa = PBXBuildFile; fileRef = 8A06775B142E133900AB5B24 /* FluidR3_GM-34.caf */; };
		8A0677DB142E133900AB5B24 /* FluidR3_GM-35.caf in Resources */ = {isa = PBXBuildFile; fileRef = 8A06775C142E133900AB5B24 /* FluidR3_GM-35.caf */; };
		8A0677DC142E133900AB5B24 /* FluidR3_GM-36.caf in Resources */ = {isa = PBXBuildFile; fileRef = 8A06775D142E133900AB5B24 /* FluidR3_GM-36.caf */; };
		8A0677DD142E133900AB5B24 /* FluidR3_GM-37.caf in Resources */ = {isa = PBXBuildFile; fileRef = 8A06775E142E133900AB5B24 /* FluidR3_GM-37.caf */; };
		8A0677DE142E133900AB5B24 /* FluidR3_GM-38.caf in Resources */ = {isa = PBXBuildFile; fileRef = 8A06775F142E133900AB5B24 /* FluidR3_GM-38.caf */; };
		8A0677DF142E133900AB5B24 /* FluidR3_GM-39.caf in Resources */ = {isa = PBXBuildFile; fileRef = 8A067760142E133900AB5B24 /* FluidR3_GM-39.caf */; };
		8A0677E0142E133900AB5B24 /* FluidR3_GM-40.caf in Resources */ = {isa = PBXBuildFile; fileRef = 8A067761142E133900AB5B24 /* FluidR3_GM-40.caf */; };
		8A0677E1142E133900AB5B24 /* FluidR3_GM-41.caf in Resources */ = {isa = PBXBuildFile; fileRef = 8A067762142E133900AB5B24 /* FluidR3_GM-41.caf */; };
		8A0677E2142E133900AB5B24 /* FluidR3_GM-42.caf in Resources */ = {isa = PBXBuildFile; fileRef = 8A067763142E133900AB5B24 /* FluidR3_GM-42.caf */; };
		8A0677E3142E133900AB5B24 /* FluidR3_GM-43.caf in Resources */ = {isa = PBXBuildFile; fileRef = 8A067764142E133900AB5B24 /* FluidR3_GM-43.caf */; };
		8A0677E4142E133900AB5B24 /* FluidR3_GM-44.caf in Resources */ = {isa = PBXBuildFile; fileRef = 8A067765142E133900AB5B24 /* FluidR3_GM-44.caf */; };
		8A0677E5142E133900AB5B24 /* FluidR3_GM-45.caf in Resources */ = {isa = PBXBuildFile; fileRef = 8A067766142E133900AB5B24 /* FluidR3_GM-45.caf */; };
		8A0677E6142E133900AB5B24 /* FluidR3_GM-46.caf in Resources */ = {isa = PBXBuildFile; fileRef = 8A067767142E133900AB5B24 /* FluidR3_GM-46.caf */; };
		8A0677E7142E133900AB5B24 /* FluidR3_GM-47.caf in Resources */ = {isa = PBXBuildFile; fileRef = 8A067768142E133900AB5B24 /* FluidR3_GM-47.caf */; };
		8A0677E8142E133900AB5B24 /* FluidR3_GM-48.caf in Resources */ = {isa = PBXBuildFile; fileRef = 8A067769142E133900AB5B24 /* FluidR3_GM-48.caf */; };
		8A0677E9142E133900AB5B24 /* FluidR3_GM-49.caf in Resources */ = {isa = PBXBuildFile; fileRef = 8A06776A142E133900AB5B24 /* FluidR3_GM-49.caf */; };
		8A0677EA142E133900AB5B24 /* FluidR3_GM-50.caf in Resources */ = {isa = PBXBuildFile; fileRef = 8A06776B142E133900AB5B24 /* FluidR3_GM-50.caf */; };
		8A0677EB142E133900AB5B24 /* FluidR3_GM-51.caf in Resources */ = {isa = PBXBuildFile; fileRef = 8A06776C142E133900AB5B24 /* FluidR3_GM-51.caf */; };
		8A0677EC142E133900AB5B24 /* FluidR3_GM-52.caf in Resources */ = {isa = PBXBuildFile; fileRef = 8A06776D142E133900AB5B24 /* FluidR3_GM-52.caf */; };
		8A0677ED142E133900AB5B24 /* FluidR3_GM-53.caf in Resources */ = {isa = PBXBuildFile; fileRef = 8A06776E142E133900AB5B24 /* FluidR3_GM-53.caf */; };
		8A0677EE142E133900AB5B24 /* FluidR3_GM-54.caf in Resources */ = {isa = PBXBuildFile; fileRef = 8A06776F142E133900AB5B24 /* FluidR3_GM-54.caf */; };
		8A0677EF142E133900AB5B24 /* FluidR3_GM-55.caf in Resources */ = {isa = PBXBuildFile; fileRef = 8A067770142E133900AB5B24 /* FluidR3_GM-55.caf */; };
		8A0677F0142E133900AB5B24 /* FluidR3_GM-56.caf in Resources */ = {isa = PBXBuildFile; fileRef = 8A067771142E133900AB5B24 /* FluidR3_GM-56.caf */; };
		8A0677F1142E133900AB5B24 /* FluidR3_GM-57.caf in Resources */ = {isa = PBXBuildFile; fileRef = 8A067772142E133900AB5B24 /* FluidR3_GM-57.caf */; };
		8A0677F2142E133900AB5B24 /* FluidR3_GM-58.caf in Resources */ = {isa = PBXBuildFile; fileRef = 8A067773142E133900AB5B24 /* FluidR3_GM-58.caf */; };
		8A0677F3142E133900AB5B24 /* FluidR3_GM-59.caf in Resources */ = {isa = PBXBuildFile; fileRef = 8A067774142E133900AB5B24 /* FluidR3_GM-59.caf */; };
		8A0677F4142E133900AB5B24 /* FluidR3_GM-60.caf in Resources */ = {isa = PBXBuildFile; fileRef = 8A067775142E133900AB5B24 /* FluidR3_GM-60.caf */; };
		8A0677F5142E133900AB5B24 /* FluidR3_GM-61.caf in Resources */ = {isa = PBXBuildFile; fileRef = 8A067776142E133900AB5B24 /* FluidR3_GM-61.caf */; };
		8A0677F6142E133900AB5B24 /* FluidR3_GM-62.caf in Resources */ = {isa = PBXBuildFile; fileRef = 8A067777142E133900AB5B24 /* FluidR3_GM-62.caf */; };
		8A0677F7142E133900AB5B24 /* FluidR3_GM-63.caf in Resources */ = {isa = PBXBuildFile; fileRef = 8A067778142E133900AB5B24 /* FluidR3_GM-63.caf */; };
		8A0677F8142E133900AB5B24 /* FluidR3_GM-64.caf in Resources */ = {isa = PBXBuildFile; fileRef = 8A067779142E133900AB5B24 /* FluidR3_GM-64.caf */; };
		8A0677F9142E133900AB5B24 /* FluidR3_GM-65.caf in Resources */ = {isa = PBXBuildFile; fileRef = 8A06777A142E133900AB5B24 /* FluidR3_GM-65.caf */; };
		8A0677FA142E133900AB5B24 /* FluidR3_GM-66.caf in Resources */ = {isa = PBXBuildFile; fileRef = 8A06777B142E133900AB5B24 /* FluidR3_GM-66.caf */; };
		8A0677FB142E133900AB5B24 /* FluidR3_GM-67.caf in Resources */ = {isa = PBXBuildFile; fileRef = 8A06777C142E133900AB5B24 /* FluidR3_GM-67.caf */; };
		8A0677FC142E133900AB5B24 /* FluidR3_GM-68.caf in Resources */ = {isa = PBXBuildFile; fileRef = 8A06777D142E133900AB5B24 /* FluidR3_GM-68.caf */; };
		8A0677FD142E133900AB5B24 /* FluidR3_GM-69.caf in Resources */ = {isa = PBXBuildFile; fileRef = 8A06777E142E133900AB5B24 /* FluidR3_GM-69.caf */; };
		8A0677FE142E133900AB5B24 /* FluidR3_GM-70.caf in Resources */ = {isa = PBXBuildFile; fileRef = 8A06777F142E133900AB5B24 /* FluidR3_GM-70.caf */; };
		8A0677FF142E133900AB5B24 /* FluidR3_GM-71.caf in Resources */ = {isa = PBXBuildFile; fileRef = 8A067780142E133900AB5B24 /* FluidR3_GM-71.caf */; };
		8A067800142E133900AB5B24 /* FluidR3_GM-72.caf in Resources */ = {isa = PBXBuildFile; fileRef = 8A067781142E133900AB5B24 /* FluidR3_GM-72.caf */; };
		8A067801142E133900AB5B24 /* FluidR3_GM-73.caf in Resources */ = {isa = PBXBuildFile; fileRef = 8A067782142E133900AB5B24 /* FluidR3_GM-73.caf */; };
		8A067802142E133900AB5B24 /* FluidR3_GM-74.caf in Resources */ = {isa = PBXBuildFile; fileRef = 8A067783142E133900AB5B24 /* FluidR3_GM-74.caf */; };
		8A067803142E133900AB5B24 /* FluidR3_GM-75.caf in Resources */ = {isa = PBXBuildFile; fileRef = 8A067784142E133900AB5B24 /* FluidR3_GM-75.caf */; };
		8A067804142E133900AB5B24 /* FluidR3_GM-76.caf in Resources */ = {isa = PBXBuildFile; fileRef = 8A067785142E133900AB5B24 /* FluidR3_GM-76.caf */; };
		8A067805142E133900AB5B24 /* FluidR3_GM-77.caf in Resources */ = {isa = PBXBuildFile; fileRef = 8A067786142E133900AB5B24 /* FluidR3_GM-77.caf */; };
		8A067806142E133900AB5B24 /* FluidR3_GM-78.caf in Resources */ = {isa = PBXBuildFile; fileRef = 8A067787142E133900AB5B24 /* FluidR3_GM-78.caf */; };
		8A067807142E133900AB5B24 /* FluidR3_GM-79.caf in Resources */ = {isa = PBXBuildFile; fileRef = 8A067788142E133900AB5B24 /* FluidR3_GM-79.caf */; };
		8A067808142E133900AB5B24 /* FluidR3_GM-80.caf in Resources */ = {isa = PBXBuildFile; fileRef = 8A067789142E133900AB5B24 /* FluidR3_GM-80.caf */; };
		8A067809142E133900AB5B24 /* FluidR3_GM-81.caf in Resources */ = {isa = PBXBuildFile; fileRef = 8A06778A142E133900AB5B24 /* FluidR3_GM-81.caf */; };
		8A06780A142E133900AB5B24 /* FluidR3_GM-82.caf in Resources */ = {isa = PBXBuildFile; fileRef = 8A06778B142E133900AB5B24 /* FluidR3_GM-82.caf */; };
		8A06780B142E133900AB5B24 /* FluidR3_GM-83.caf in Resources */ = {isa = PBXBuildFile; fileRef = 8A06778C142E133900AB5B24 /* FluidR3_GM-83.caf */; };
		8A06780C142E133900AB5B24 /* FluidR3_GM-84.caf in Resources */ = {isa = PBXBuildFile; fileRef = 8A06778D142E133900AB5B24 /* FluidR3_GM-84.caf */; };
		8A06780D142E133900AB5B24 /* FluidR3_GM-85.caf in Resources */ = {isa = PBXBuildFile; fileRef = 8A06778E142E133900AB5B24 /* FluidR3_GM-85.caf */; };
		8A06780E142E133900AB5B24 /* FluidR3_GM-86.caf in Resources */ = {isa = PBXBuildFile; fileRef = 8A06778F142E133900AB5B24 /* FluidR3_GM-86.caf */; };
		8A06780F142E133900AB5B24 /* FluidR3_GM-87.caf in Resources */ = {isa = PBXBuildFile; fileRef = 8A067790142E133900AB5B24 /* FluidR3_GM-87.caf */; };
		8A067810142E133900AB5B24 /* FluidR3_GM-88.caf in Resources */ = {isa = PBXBuildFile; fileRef = 8A067791142E133900AB5B24 /* FluidR3_GM-88.caf */; };
		8A067811142E133900AB5B24 /* FluidR3_GM-89.caf in Resources */ = {isa = PBXBuildFile; fileRef = 8A067792142E133900AB5B24 /* FluidR3_GM-89.caf */; };
		8A067812142E133900AB5B24 /* FluidR3_GM-90.caf in Resources */ = {isa = PBXBuildFile; fileRef = 8A067793142E133900AB5B24 /* FluidR3_GM-90.caf */; };
		8A067813142E133900AB5B24 /* FluidR3_GM-91.caf in Resources */ = {isa = PBXBuildFile; fileRef = 8A067794142E133900AB5B24 /* FluidR3_GM-91.caf */; };
		8A067814142E133900AB5B24 /* FluidR3_GM-92.caf in Resources */ = {isa = PBXBuildFile; fileRef = 8A067795142E133900AB5B24 /* FluidR3_GM-92.caf */; };
		8A067815142E133900AB5B24 /* FluidR3_GM-93.caf in Resources */ = {isa = PBXBuildFile; fileRef = 8A067796142E133900AB5B24 /* FluidR3_GM-93.caf */; };
		8A067816142E133900AB5B24 /* FluidR3_GM-94.caf in Resources */ = {isa = PBXBuildFile; fileRef = 8A067797142E133900AB5B24 /* FluidR3_GM-94.caf */; };
		8A067817142E133900AB5B24 /* FluidR3_GM-95.caf in Resources */ = {isa = PBXBuildFile; fileRef = 8A067798142E133900AB5B24 /* FluidR3_GM-95.caf */; };
		8A067818142E133900AB5B24 /* FluidR3_GM-96.caf in Resources */ = {isa = PBXBuildFile; fileRef = 8A067799142E133900AB5B24 /* FluidR3_GM-96.caf */; };
		8A067819142E133900AB5B24 /* FluidR3_GM-97.caf in Resources */ = {isa = PBXBuildFile; fileRef = 8A06779A142E133900AB5B24 /* FluidR3_GM-97.caf */; };
		8A06781A142E133900AB5B24 /* FluidR3_GM-98.caf in Resources */ = {isa = PBXBuildFile; fileRef = 8A06779B142E133900AB5B24 /* FluidR3_GM-98.caf */; };
		8A06781B142E133900AB5B24 /* FluidR3_GM-99.caf in Resources */ = {isa = PBXBuildFile; fileRef = 8A06779C142E133900AB5B24 /* FluidR3_GM-99.caf */; };
		8A06781C142E133900AB5B24 /* FluidR3_GM-100.caf in Resources */ = {isa = PBXBuildFile; fileRef = 8A06779D142E133900AB5B24 /* FluidR3_GM-100.caf */; };
		8A06781D142E133900AB5B24 /* FluidR3_GM-101.caf in Resources */ = {isa = PBXBuildFile; fileRef = 8A06779E142E133900AB5B24 /* FluidR3_GM-101.caf */; };
		8A06781E142E133900AB5B24 /* FluidR3_GM-102.caf in Resources */ = {isa = PBXBuildFile; fileRef = 8A06779F142E133900AB5B24 /* FluidR3_GM-102.caf */; };
		8A06781F142E133900AB5B24 /* FluidR3_GM-103.caf in Resources */ = {isa = PBXBuildFile; fileRef = 8A0677A0142E133900AB5B24 /* FluidR3_GM-103.caf */; };
		8A067820142E133900AB5B24 /* FluidR3_GM-104.caf in Resources */ = {isa = PBXBuildFile; fileRef = 8A0677A1142E133900AB5B24 /* FluidR3_GM-104.caf */; };
		8A067821142E133900AB5B24 /* FluidR3_GM-105.caf in Resources */ = {isa = PBXBuildFile; fileRef = 8A0677A2142E133900AB5B24 /* FluidR3_GM-105.caf */; };
		8A067822142E133900AB5B24 /* FluidR3_GM-106.caf in Resources */ = {isa = PBXBuildFile; fileRef = 8A0677A3142E133900AB5B24 /* FluidR3_GM-106.caf */; };
		8A067823142E133900AB5B24 /* FluidR3_GM-107.caf in Resources */ = {isa = PBXBuildFile; fileRef = 8A0677A4142E133900AB5B24 /* FluidR3_GM-107.caf */; };
		8A067824142E133900AB5B24 /* FluidR3_GM-108.caf in Resources */ = {isa = PBXBuildFile; fileRef = 8A0677A5142E133900AB5B24 /* FluidR3_GM-108.caf */; };
		8A067825142E133900AB5B24 /* FluidR3_GM-109.caf in Resources */ = {isa = PBXBuildFile; fileRef = 8A0677A6142E133900AB5B24 /* FluidR3_GM-109.caf */; };
		8A067826142E133900AB5B24 /* FluidR3_GM-110.caf in Resources */ = {isa = PBXBuildFile; fileRef = 8A0677A7142E133900AB5B24 /* FluidR3_GM-110.caf */; };
		8A067827142E133900AB5B24 /* FluidR3_GM-111.caf in Resources */ = {isa = PBXBuildFile; fileRef = 8A0677A8142E133900AB5B24 /* FluidR3_GM-111.caf */; };
		8A067828142E133900AB5B24 /* FluidR3_GM-112.caf in Resources */ = {isa = PBXBuildFile; fileRef = 8A0677A9142E133900AB5B24 /* FluidR3_GM-112.caf */; };
		8A067829142E133900AB5B24 /* FluidR3_GM-113.caf in Resources */ = {isa = PBXBuildFile; fileRef = 8A0677AA142E133900AB5B24 /* FluidR3_GM-113.caf */; };
		8A06782A142E133900AB5B24 /* FluidR3_GM-114.caf in Resources */ = {isa = PBXBuildFile; fileRef = 8A0677AB142E133900AB5B24 /* FluidR3_GM-114.caf */; };
		8A06782B142E133900AB5B24 /* FluidR3_GM-115.caf in Resources */ = {isa = PBXBuildFile; fileRef = 8A0677AC142E133900AB5B24 /* FluidR3_GM-115.caf */; };
		8A06782C142E133900AB5B24 /* FluidR3_GM-116.caf in Resources */ = {isa = PBXBuildFile; fileRef = 8A0677AD142E133900AB5B24 /* FluidR3_GM-116.caf */; };
		8A06782D142E133900AB5B24 /* FluidR3_GM-117.caf in Resources */ = {isa = PBXBuildFile; fileRef = 8A0677AE142E133900AB5B24 /* FluidR3_GM-117.caf */; };
		8A06782E142E133900AB5B24 /* FluidR3_GM-118.caf in Resources */ = {isa = PBXBuildFile; fileRef = 8A0677AF142E133900AB5B24 /* FluidR3_GM-118.caf */; };
		8A06782F142E133900AB5B24 /* FluidR3_GM-119.caf in Resources */ = {isa = PBXBuildFile; fileRef = 8A0677B0142E133900AB5B24 /* FluidR3_GM-119.caf */; };
		8A067830142E133900AB5B24 /* FluidR3_GM-120.caf in Resources */ = {isa = PBXBuildFile; fileRef = 8A0677B1142E133900AB5B24 /* FluidR3_GM-120.caf */; };
		8A067831142E133900AB5B24 /* FluidR3_GM-121.caf in Resources */ = {isa = PBXBuildFile; fileRef = 8A0677B2142E133900AB5B24 /* FluidR3_GM-121.caf */; };
		8A067832142E133900AB5B24 /* FluidR3_GM-122.caf in Resources */ = {isa = PBXBuildFile; fileRef = 8A0677B3142E133900AB5B24 /* FluidR3_GM-122.caf */; };
		8A067833142E133900AB5B24 /* FluidR3_GM-123.caf in Resources */ = {isa = PBXBuildFile; fileRef = 8A0677B4142E133900AB5B24 /* FluidR3_GM-123.caf */; };
		8A067834142E133900AB5B24 /* FluidR3_GM-124.caf in Resources */ = {isa = PBXBuildFile; fileRef = 8A0677B5142E133900AB5B24 /* FluidR3_GM-124.caf */; };
		8A067835142E133900AB5B24 /* FluidR3_GM-125.caf in Resources */ = {isa = PBXBuildFile; fileRef = 8A0677B6142E133900AB5B24 /* FluidR3_GM-125.caf */; };
		8A067836142E133900AB5B24 /* FluidR3_GM-126.caf in Resources */ = {isa = PBXBuildFile; fileRef = 8A0677B7142E133900AB5B24 /* FluidR3_GM-126.caf */; };
		8A067837142E133900AB5B24 /* FluidR3_GM-127.caf in Resources */ = {isa = PBXBuildFile; fileRef = 8A0677B8142E133900AB5B24 /* FluidR3_GM-127.caf */; };
		8A52D1101424B36E00854CC0 /* UIKit.framework in Frameworks */ = {isa = PBXBuildFile; fileRef = 8A52D10F1424B36E00854CC0 /* UIKit.framework */; };
		8A52D1121424B36E00854CC0 /* Foundation.framework in Frameworks */ = {isa = PBXBuildFile; fileRef = 8A52D1111424B36E00854CC0 /* Foundation.framework */; };
		8A52D1141424B36E00854CC0 /* CoreGraphics.framework in Frameworks */ = {isa = PBXBuildFile; fileRef = 8A52D1131424B36E00854CC0 /* CoreGraphics.framework */; };
		8A52D11A1424B36E00854CC0 /* InfoPlist.strings in Resources */ = {isa = PBXBuildFile; fileRef = 8A52D1181424B36E00854CC0 /* InfoPlist.strings */; };
		8A52D11C1424B36E00854CC0 /* main.m in Sources */ = {isa = PBXBuildFile; fileRef = 8A52D11B1424B36E00854CC0 /* main.m */; };
		8A52D1201424B36E00854CC0 /* SimpleSynthAppDelegate.m in Sources */ = {isa = PBXBuildFile; fileRef = 8A52D11F1424B36E00854CC0 /* SimpleSynthAppDelegate.m */; };
		8A52D12A1424B79B00854CC0 /* NNKeyboardVC.m in Sources */ = {isa = PBXBuildFile; fileRef = 8A52D1291424B79B00854CC0 /* NNKeyboardVC.m */; };
		8A52D1301424C4DF00854CC0 /* ButtonHighlighted.png in Resources */ = {isa = PBXBuildFile; fileRef = 8A52D12F1424C4DF00854CC0 /* ButtonHighlighted.png */; };
		8A52D1331424C77F00854CC0 /* SynthController.m in Sources */ = {isa = PBXBuildFile; fileRef = 8A52D1321424C77F00854CC0 /* SynthController.m */; };
		8A52D13A1424C91100854CC0 /* NASession.m in Sources */ = {isa = PBXBuildFile; fileRef = 8A52D1391424C91100854CC0 /* NASession.m */; };
		8A52D13D1424C92A00854CC0 /* NANode.m in Sources */ = {isa = PBXBuildFile; fileRef = 8A52D13C1424C92A00854CC0 /* NANode.m */; };
		8A52D1411424C95A00854CC0 /* NARemoteIO.m in Sources */ = {isa = PBXBuildFile; fileRef = 8A52D1401424C95A00854CC0 /* NARemoteIO.m */; };
		8A52D1441424C96B00854CC0 /* NASineWave.m in Sources */ = {isa = PBXBuildFile; fileRef = 8A52D1431424C96B00854CC0 /* NASineWave.m */; };
		8A52D1471424C97D00854CC0 /* NAReverbEffect.m in Sources */ = {isa = PBXBuildFile; fileRef = 8A52D1461424C97D00854CC0 /* NAReverbEffect.m */; };
		8A52D14B1424C9A800854CC0 /* NACallback.m in Sources */ = {isa = PBXBuildFile; fileRef = 8A52D14A1424C9A800854CC0 /* NACallback.m */; };
		8A52D14E1424C9B800854CC0 /* NADescription.m in Sources */ = {isa = PBXBuildFile; fileRef = 8A52D14D1424C9B800854CC0 /* NADescription.m */; };
		8A52D1511424C9C800854CC0 /* NALevelMeter.m in Sources */ = {isa = PBXBuildFile; fileRef = 8A52D1501424C9C800854CC0 /* NALevelMeter.m */; };
		8A52D1541424C9DB00854CC0 /* NAMIDI.m in Sources */ = {isa = PBXBuildFile; fileRef = 8A52D1531424C9DB00854CC0 /* NAMIDI.m */; };
		8A52D1571424C9F000854CC0 /* NARecorder.m in Sources */ = {isa = PBXBuildFile; fileRef = 8A52D1561424C9F000854CC0 /* NARecorder.m */; };
		8A52D15A1424C9FC00854CC0 /* NAUtils.m in Sources */ = {isa = PBXBuildFile; fileRef = 8A52D1591424C9FC00854CC0 /* NAUtils.m */; };
		8A900F8214352997001C28D3 /* CoreMIDI.framework in Frameworks */ = {isa = PBXBuildFile; fileRef = 8A900F8114352997001C28D3 /* CoreMIDI.framework */; };
		8A900F8614352F2F001C28D3 /* LevelMeterView.m in Sources */ = {isa = PBXBuildFile; fileRef = 8A900F8514352F2F001C28D3 /* LevelMeterView.m */; };
		8A979A481424CF9B0012638A /* AudioToolbox.framework in Frameworks */ = {isa = PBXBuildFile; fileRef = 8A979A471424CF9B0012638A /* AudioToolbox.framework */; };
		8A979A511424FC280012638A /* NAMixer.m in Sources */ = {isa = PBXBuildFile; fileRef = 8A979A501424FC280012638A /* NAMixer.m */; };
		8ABF0F36142F4A38000B95EE /* NNKeyboard.m in Sources */ = {isa = PBXBuildFile; fileRef = 8ABF0F35142F4A38000B95EE /* NNKeyboard.m */; };
/* End PBXBuildFile section */

/* Begin PBXFileReference section */
		8A067735142DECF200AB5B24 /* AVFoundation.framework */ = {isa = PBXFileReference; lastKnownFileType = wrapper.framework; name = AVFoundation.framework; path = System/Library/Frameworks/AVFoundation.framework; sourceTree = SDKROOT; };
		8A06773A142E133900AB5B24 /* FluidR3_GM-1.caf */ = {isa = PBXFileReference; lastKnownFileType = file; name = "FluidR3_GM-1.caf"; path = "Samples/FluidR3_GM-1.caf"; sourceTree = SOURCE_ROOT; };
		8A06773B142E133900AB5B24 /* FluidR3_GM-2.caf */ = {isa = PBXFileReference; lastKnownFileType = file; name = "FluidR3_GM-2.caf"; path = "Samples/FluidR3_GM-2.caf"; sourceTree = SOURCE_ROOT; };
		8A06773C142E133900AB5B24 /* FluidR3_GM-3.caf */ = {isa = PBXFileReference; lastKnownFileType = file; name = "FluidR3_GM-3.caf"; path = "Samples/FluidR3_GM-3.caf"; sourceTree = SOURCE_ROOT; };
		8A06773D142E133900AB5B24 /* FluidR3_GM-4.caf */ = {isa = PBXFileReference; lastKnownFileType = file; name = "FluidR3_GM-4.caf"; path = "Samples/FluidR3_GM-4.caf"; sourceTree = SOURCE_ROOT; };
		8A06773E142E133900AB5B24 /* FluidR3_GM-5.caf */ = {isa = PBXFileReference; lastKnownFileType = file; name = "FluidR3_GM-5.caf"; path = "Samples/FluidR3_GM-5.caf"; sourceTree = SOURCE_ROOT; };
		8A06773F142E133900AB5B24 /* FluidR3_GM-6.caf */ = {isa = PBXFileReference; lastKnownFileType = file; name = "FluidR3_GM-6.caf"; path = "Samples/FluidR3_GM-6.caf"; sourceTree = SOURCE_ROOT; };
		8A067740142E133900AB5B24 /* FluidR3_GM-7.caf */ = {isa = PBXFileReference; lastKnownFileType = file; name = "FluidR3_GM-7.caf"; path = "Samples/FluidR3_GM-7.caf"; sourceTree = SOURCE_ROOT; };
		8A067741142E133900AB5B24 /* FluidR3_GM-8.caf */ = {isa = PBXFileReference; lastKnownFileType = file; name = "FluidR3_GM-8.caf"; path = "Samples/FluidR3_GM-8.caf"; sourceTree = SOURCE_ROOT; };
		8A067742142E133900AB5B24 /* FluidR3_GM-9.caf */ = {isa = PBXFileReference; lastKnownFileType = file; name = "FluidR3_GM-9.caf"; path = "Samples/FluidR3_GM-9.caf"; sourceTree = SOURCE_ROOT; };
		8A067743142E133900AB5B24 /* FluidR3_GM-10.caf */ = {isa = PBXFileReference; lastKnownFileType = file; name = "FluidR3_GM-10.caf"; path = "Samples/FluidR3_GM-10.caf"; sourceTree = SOURCE_ROOT; };
		8A067744142E133900AB5B24 /* FluidR3_GM-11.caf */ = {isa = PBXFileReference; lastKnownFileType = file; name = "FluidR3_GM-11.caf"; path = "Samples/FluidR3_GM-11.caf"; sourceTree = SOURCE_ROOT; };
		8A067745142E133900AB5B24 /* FluidR3_GM-12.caf */ = {isa = PBXFileReference; lastKnownFileType = file; name = "FluidR3_GM-12.caf"; path = "Samples/FluidR3_GM-12.caf"; sourceTree = SOURCE_ROOT; };
		8A067746142E133900AB5B24 /* FluidR3_GM-13.caf */ = {isa = PBXFileReference; lastKnownFileType = file; name = "FluidR3_GM-13.caf"; path = "Samples/FluidR3_GM-13.caf"; sourceTree = SOURCE_ROOT; };
		8A067747142E133900AB5B24 /* FluidR3_GM-14.caf */ = {isa = PBXFileReference; lastKnownFileType = file; name = "FluidR3_GM-14.caf"; path = "Samples/FluidR3_GM-14.caf"; sourceTree = SOURCE_ROOT; };
		8A067748142E133900AB5B24 /* FluidR3_GM-15.caf */ = {isa = PBXFileReference; lastKnownFileType = file; name = "FluidR3_GM-15.caf"; path = "Samples/FluidR3_GM-15.caf"; sourceTree = SOURCE_ROOT; };
		8A067749142E133900AB5B24 /* FluidR3_GM-16.caf */ = {isa = PBXFileReference; lastKnownFileType = file; name = "FluidR3_GM-16.caf"; path = "Samples/FluidR3_GM-16.caf"; sourceTree = SOURCE_ROOT; };
		8A06774A142E133900AB5B24 /* FluidR3_GM-17.caf */ = {isa = PBXFileReference; lastKnownFileType = file; name = "FluidR3_GM-17.caf"; path = "Samples/FluidR3_GM-17.caf"; sourceTree = SOURCE_ROOT; };
		8A06774B142E133900AB5B24 /* FluidR3_GM-18.caf */ = {isa = PBXFileReference; lastKnownFileType = file; name = "FluidR3_GM-18.caf"; path = "Samples/FluidR3_GM-18.caf"; sourceTree = SOURCE_ROOT; };
		8A06774C142E133900AB5B24 /* FluidR3_GM-19.caf */ = {isa = PBXFileReference; lastKnownFileType = file; name = "FluidR3_GM-19.caf"; path = "Samples/FluidR3_GM-19.caf"; sourceTree = SOURCE_ROOT; };
		8A06774D142E133900AB5B24 /* FluidR3_GM-20.caf */ = {isa = PBXFileReference; lastKnownFileType = file; name = "FluidR3_GM-20.caf"; path = "Samples/FluidR3_GM-20.caf"; sourceTree = SOURCE_ROOT; };
		8A06774E142E133900AB5B24 /* FluidR3_GM-21.caf */ = {isa = PBXFileReference; lastKnownFileType = file; name = "FluidR3_GM-21.caf"; path = "Samples/FluidR3_GM-21.caf"; sourceTree = SOURCE_ROOT; };
		8A06774F142E133900AB5B24 /* FluidR3_GM-22.caf */ = {isa = PBXFileReference; lastKnownFileType = file; name = "FluidR3_GM-22.caf"; path = "Samples/FluidR3_GM-22.caf"; sourceTree = SOURCE_ROOT; };
		8A067750142E133900AB5B24 /* FluidR3_GM-23.caf */ = {isa = PBXFileReference; lastKnownFileType = file; name = "FluidR3_GM-23.caf"; path = "Samples/FluidR3_GM-23.caf"; sourceTree = SOURCE_ROOT; };
		8A067751142E133900AB5B24 /* FluidR3_GM-24.caf */ = {isa = PBXFileReference; lastKnownFileType = file; name = "FluidR3_GM-24.caf"; path = "Samples/FluidR3_GM-24.caf"; sourceTree = SOURCE_ROOT; };
		8A067752142E133900AB5B24 /* FluidR3_GM-25.caf */ = {isa = PBXFileReference; lastKnownFileType = file; name = "FluidR3_GM-25.caf"; path = "Samples/FluidR3_GM-25.caf"; sourceTree = SOURCE_ROOT; };
		8A067753142E133900AB5B24 /* FluidR3_GM-26.caf */ = {isa = PBXFileReference; lastKnownFileType = file; name = "FluidR3_GM-26.caf"; path = "Samples/FluidR3_GM-26.caf"; sourceTree = SOURCE_ROOT; };
		8A067754142E133900AB5B24 /* FluidR3_GM-27.caf */ = {isa = PBXFileReference; lastKnownFileType = file; name = "FluidR3_GM-27.caf"; path = "Samples/FluidR3_GM-27.caf"; sourceTree = SOURCE_ROOT; };
		8A067755142E133900AB5B24 /* FluidR3_GM-28.caf */ = {isa = PBXFileReference; lastKnownFileType = file; name = "FluidR3_GM-28.caf"; path = "Samples/FluidR3_GM-28.caf"; sourceTree = SOURCE_ROOT; };
		8A067756142E133900AB5B24 /* FluidR3_GM-29.caf */ = {isa = PBXFileReference; lastKnownFileType = file; name = "FluidR3_GM-29.caf"; path = "Samples/FluidR3_GM-29.caf"; sourceTree = SOURCE_ROOT; };
		8A067757142E133900AB5B24 /* FluidR3_GM-30.caf */ = {isa = PBXFileReference; lastKnownFileType = file; name = "FluidR3_GM-30.caf"; path = "Samples/FluidR3_GM-30.caf"; sourceTree = SOURCE_ROOT; };
		8A067758142E133900AB5B24 /* FluidR3_GM-31.caf */ = {isa = PBXFileReference; lastKnownFileType = file; name = "FluidR3_GM-31.caf"; path = "Samples/FluidR3_GM-31.caf"; sourceTree = SOURCE_ROOT; };
		8A067759142E133900AB5B24 /* FluidR3_GM-32.caf */ = {isa = PBXFileReference; lastKnownFileType = file; name = "FluidR3_GM-32.caf"; path = "Samples/FluidR3_GM-32.caf"; sourceTree = SOURCE_ROOT; };
		8A06775A142E133900AB5B24 /* FluidR3_GM-33.caf */ = {isa = PBXFileReference; lastKnownFileType = file; name = "FluidR3_GM-33.caf"; path = "Samples/FluidR3_GM-33.caf"; sourceTree = SOURCE_ROOT; };
		8A06775B142E133900AB5B24 /* FluidR3_GM-34.caf */ = {isa = PBXFileReference; lastKnownFileType = file; name = "FluidR3_GM-34.caf"; path = "Samples/FluidR3_GM-34.caf"; sourceTree = SOURCE_ROOT; };
		8A06775C142E133900AB5B24 /* FluidR3_GM-35.caf */ = {isa = PBXFileReference; lastKnownFileType = file; name = "FluidR3_GM-35.caf"; path = "Samples/FluidR3_GM-35.caf"; sourceTree = SOURCE_ROOT; };
		8A06775D142E133900AB5B24 /* FluidR3_GM-36.caf */ = {isa = PBXFileReference; lastKnownFileType = file; name = "FluidR3_GM-36.caf"; path = "Samples/FluidR3_GM-36.caf"; sourceTree = SOURCE_ROOT; };
		8A06775E142E133900AB5B24 /* FluidR3_GM-37.caf */ = {isa = PBXFileReference; lastKnownFileType = file; name = "FluidR3_GM-37.caf"; path = "Samples/FluidR3_GM-37.caf"; sourceTree = SOURCE_ROOT; };
		8A06775F142E133900AB5B24 /* FluidR3_GM-38.caf */ = {isa = PBXFileReference; lastKnownFileType = file; name = "FluidR3_GM-38.caf"; path = "Samples/FluidR3_GM-38.caf"; sourceTree = SOURCE_ROOT; };
		8A067760142E133900AB5B24 /* FluidR3_GM-39.caf */ = {isa = PBXFileReference; lastKnownFileType = file; name = "FluidR3_GM-39.caf"; path = "Samples/FluidR3_GM-39.caf"; sourceTree = SOURCE_ROOT; };
		8A067761142E133900AB5B24 /* FluidR3_GM-40.caf */ = {isa = PBXFileReference; lastKnownFileType = file; name = "FluidR3_GM-40.caf"; path = "Samples/FluidR3_GM-40.caf"; sourceTree = SOURCE_ROOT; };
		8A067762142E133900AB5B24 /* FluidR3_GM-41.caf */ = {isa = PBXFileReference; lastKnownFileType = file; name = "FluidR3_GM-41.caf"; path = "Samples/FluidR3_GM-41.caf"; sourceTree = SOURCE_ROOT; };
		8A067763142E133900AB5B24 /* FluidR3_GM-42.caf */ = {isa = PBXFileReference; lastKnownFileType = file; name = "FluidR3_GM-42.caf"; path = "Samples/FluidR3_GM-42.caf"; sourceTree = SOURCE_ROOT; };
		8A067764142E133900AB5B24 /* FluidR3_GM-43.caf */ = {isa = PBXFileReference; lastKnownFileType = file; name = "FluidR3_GM-43.caf"; path = "Samples/FluidR3_GM-43.caf"; sourceTree = SOURCE_ROOT; };
		8A067765142E133900AB5B24 /* FluidR3_GM-44.caf */ = {isa = PBXFileReference; lastKnownFileType = file; name = "FluidR3_GM-44.caf"; path = "Samples/FluidR3_GM-44.caf"; sourceTree = SOURCE_ROOT; };
		8A067766142E133900AB5B24 /* FluidR3_GM-45.caf */ = {isa = PBXFileReference; lastKnownFileType = file; name = "FluidR3_GM-45.caf"; path = "Samples/FluidR3_GM-45.caf"; sourceTree = SOURCE_ROOT; };
		8A067767142E133900AB5B24 /* FluidR3_GM-46.caf */ = {isa = PBXFileReference; lastKnownFileType = file; name = "FluidR3_GM-46.caf"; path = "Samples/FluidR3_GM-46.caf"; sourceTree = SOURCE_ROOT; };
		8A067768142E133900AB5B24 /* FluidR3_GM-47.caf */ = {isa = PBXFileReference; lastKnownFileType = file; name = "FluidR3_GM-47.caf"; path = "Samples/FluidR3_GM-47.caf"; sourceTree = SOURCE_ROOT; };
		8A067769142E133900AB5B24 /* FluidR3_GM-48.caf */ = {isa = PBXFileReference; lastKnownFileType = file; name = "FluidR3_GM-48.caf"; path = "Samples/FluidR3_GM-48.caf"; sourceTree = SOURCE_ROOT; };
		8A06776A142E133900AB5B24 /* FluidR3_GM-49.caf */ = {isa = PBXFileReference; lastKnownFileType = file; name = "FluidR3_GM-49.caf"; path = "Samples/FluidR3_GM-49.caf"; sourceTree = SOURCE_ROOT; };
		8A06776B142E133900AB5B24 /* FluidR3_GM-50.caf */ = {isa = PBXFileReference; lastKnownFileType = file; name = "FluidR3_GM-50.caf"; path = "Samples/FluidR3_GM-50.caf"; sourceTree = SOURCE_ROOT; };
		8A06776C142E133900AB5B24 /* FluidR3_GM-51.caf */ = {isa = PBXFileReference; lastKnownFileType = file; name = "FluidR3_GM-51.caf"; path = "Samples/FluidR3_GM-51.caf"; sourceTree = SOURCE_ROOT; };
		8A06776D142E133900AB5B24 /* FluidR3_GM-52.caf */ = {isa = PBXFileReference; lastKnownFileType = file; name = "FluidR3_GM-52.caf"; path = "Samples/FluidR3_GM-52.caf"; sourceTree = SOURCE_ROOT; };
		8A06776E142E133900AB5B24 /* FluidR3_GM-53.caf */ = {isa = PBXFileReference; lastKnownFileType = file; name = "FluidR3_GM-53.caf"; path = "Samples/FluidR3_GM-53.caf"; sourceTree = SOURCE_ROOT; };
		8A06776F142E133900AB5B24 /* FluidR3_GM-54.caf */ = {isa = PBXFileReference; lastKnownFileType = file; name = "FluidR3_GM-54.caf"; path = "Samples/FluidR3_GM-54.caf"; sourceTree = SOURCE_ROOT; };
		8A067770142E133900AB5B24 /* FluidR3_GM-55.caf */ = {isa = PBXFileReference; lastKnownFileType = file; name = "FluidR3_GM-55.caf"; path = "Samples/FluidR3_GM-55.caf"; sourceTree = SOURCE_ROOT; };
		8A067771142E133900AB5B24 /* FluidR3_GM-56.caf */ = {isa = PBXFileReference; lastKnownFileType = file; name = "FluidR3_GM-56.caf"; path = "Samples/FluidR3_GM-56.caf"; sourceTree = SOURCE_ROOT; };
		8A067772142E133900AB5B24 /* FluidR3_GM-57.caf */ = {isa = PBXFileReference; lastKnownFileType = file; name = "FluidR3_GM-57.caf"; path = "Samples/FluidR3_GM-57.caf"; sourceTree = SOURCE_ROOT; };
		8A067773142E133900AB5B24 /* FluidR3_GM-58.caf */ = {isa = PBXFileReference; lastKnownFileType = file; name = "FluidR3_GM-58.caf"; path = "Samples/FluidR3_GM-58.caf"; sourceTree = SOURCE_ROOT; };
		8A067774142E133900AB5B24 /* FluidR3_GM-59.caf */ = {isa = PBXFileReference; lastKnownFileType = file; name = "FluidR3_GM-59.caf"; path = "Samples/FluidR3_GM-59.caf"; sourceTree = SOURCE_ROOT; };
		8A067775142E133900AB5B24 /* FluidR3_GM-60.caf */ = {isa = PBXFileReference; lastKnownFileType = file; name = "FluidR3_GM-60.caf"; path = "Samples/FluidR3_GM-60.caf"; sourceTree = SOURCE_ROOT; };
		8A067776142E133900AB5B24 /* FluidR3_GM-61.caf */ = {isa = PBXFileReference; lastKnownFileType = file; name = "FluidR3_GM-61.caf"; path = "Samples/FluidR3_GM-61.caf"; sourceTree = SOURCE_ROOT; };
		8A067777142E133900AB5B24 /* FluidR3_GM-62.caf */ = {isa = PBXFileReference; lastKnownFileType = file; name = "FluidR3_GM-62.caf"; path = "Samples/FluidR3_GM-62.caf"; sourceTree = SOURCE_ROOT; };
		8A067778142E133900AB5B24 /* FluidR3_GM-63.caf */ = {isa = PBXFileReference; lastKnownFileType = file; name = "FluidR3_GM-63.caf"; path = "Samples/FluidR3_GM-63.caf"; sourceTree = SOURCE_ROOT; };
		8A067779142E133900AB5B24 /* FluidR3_GM-64.caf */ = {isa = PBXFileReference; lastKnownFileType = file; name = "FluidR3_GM-64.caf"; path = "Samples/FluidR3_GM-64.caf"; sourceTree = SOURCE_ROOT; };
		8A06777A142E133900AB5B24 /* FluidR3_GM-65.caf */ = {isa = PBXFileReference; lastKnownFileType = file; name = "FluidR3_GM-65.caf"; path = "Samples/FluidR3_GM-65.caf"; sourceTree = SOURCE_ROOT; };
		8A06777B142E133900AB5B24 /* FluidR3_GM-66.caf */ = {isa = PBXFileReference; lastKnownFileType = file; name = "FluidR3_GM-66.caf"; path = "Samples/FluidR3_GM-66.caf"; sourceTree = SOURCE_ROOT; };
		8A06777C142E133900AB5B24 /* FluidR3_GM-67.caf */ = {isa = PBXFileReference; lastKnownFileType = file; name = "FluidR3_GM-67.caf"; path = "Samples/FluidR3_GM-67.caf"; sourceTree = SOURCE_ROOT; };
		8A06777D142E133900AB5B24 /* FluidR3_GM-68.caf */ = {isa = PBXFileReference; lastKnownFileType = file; name = "FluidR3_GM-68.caf"; path = "Samples/FluidR3_GM-68.caf"; sourceTree = SOURCE_ROOT; };
		8A06777E142E133900AB5B24 /* FluidR3_GM-69.caf */ = {isa = PBXFileReference; lastKnownFileType = file; name = "FluidR3_GM-69.caf"; path = "Samples/FluidR3_GM-69.caf"; sourceTree = SOURCE_ROOT; };
		8A06777F142E133900AB5B24 /* FluidR3_GM-70.caf */ = {isa = PBXFileReference; lastKnownFileType = file; name = "FluidR3_GM-70.caf"; path = "Samples/FluidR3_GM-70.caf"; sourceTree = SOURCE_ROOT; };
		8A067780142E133900AB5B24 /* FluidR3_GM-71.caf */ = {isa = PBXFileReference; lastKnownFileType = file; name = "FluidR3_GM-71.caf"; path = "Samples/FluidR3_GM-71.caf"; sourceTree = SOURCE_ROOT; };
		8A067781142E133900AB5B24 /* FluidR3_GM-72.caf */ = {isa = PBXFileReference; lastKnownFileType = file; name = "FluidR3_GM-72.caf"; path = "Samples/FluidR3_GM-72.caf"; sourceTree = SOURCE_ROOT; };
		8A067782142E133900AB5B24 /* FluidR3_GM-73.caf */ = {isa = PBXFileReference; lastKnownFileType = file; name = "FluidR3_GM-73.caf"; path = "Samples/FluidR3_GM-73.caf"; sourceTree = SOURCE_ROOT; };
		8A067783142E133900AB5B24 /* FluidR3_GM-74.caf */ = {isa = PBXFileReference; lastKnownFileType = file; name = "FluidR3_GM-74.caf"; path = "Samples/FluidR3_GM-74.caf"; sourceTree = SOURCE_ROOT; };
		8A067784142E133900AB5B24 /* FluidR3_GM-75.caf */ = {isa = PBXFileReference; lastKnownFileType = file; name = "FluidR3_GM-75.caf"; path = "Samples/FluidR3_GM-75.caf"; sourceTree = SOURCE_ROOT; };
		8A067785142E133900AB5B24 /* FluidR3_GM-76.caf */ = {isa = PBXFileReference; lastKnownFileType = file; name = "FluidR3_GM-76.caf"; path = "Samples/FluidR3_GM-76.caf"; sourceTree = SOURCE_ROOT; };
		8A067786142E133900AB5B24 /* FluidR3_GM-77.caf */ = {isa = PBXFileReference; lastKnownFileType = file; name = "FluidR3_GM-77.caf"; path = "Samples/FluidR3_GM-77.caf"; sourceTree = SOURCE_ROOT; };
		8A067787142E133900AB5B24 /* FluidR3_GM-78.caf */ = {isa = PBXFileReference; lastKnownFileType = file; name = "FluidR3_GM-78.caf"; path = "Samples/FluidR3_GM-78.caf"; sourceTree = SOURCE_ROOT; };
		8A067788142E133900AB5B24 /* FluidR3_GM-79.caf */ = {isa = PBXFileReference; lastKnownFileType = file; name = "FluidR3_GM-79.caf"; path = "Samples/FluidR3_GM-79.caf"; sourceTree = SOURCE_ROOT; };
		8A067789142E133900AB5B24 /* FluidR3_GM-80.caf */ = {isa = PBXFileReference; lastKnownFileType = file; name = "FluidR3_GM-80.caf"; path = "Samples/FluidR3_GM-80.caf"; sourceTree = SOURCE_ROOT; };
		8A06778A142E133900AB5B24 /* FluidR3_GM-81.caf */ = {isa = PBXFileReference; lastKnownFileType = file; name = "FluidR3_GM-81.caf"; path = "Samples/FluidR3_GM-81.caf"; sourceTree = SOURCE_ROOT; };
		8A06778B142E133900AB5B24 /* FluidR3_GM-82.caf */ = {isa = PBXFileReference; lastKnownFileType = file; name = "FluidR3_GM-82.caf"; path = "Samples/FluidR3_GM-82.caf"; sourceTree = SOURCE_ROOT; };
		8A06778C142E133900AB5B24 /* FluidR3_GM-83.caf */ = {isa = PBXFileReference; lastKnownFileType = file; name = "FluidR3_GM-83.caf"; path = "Samples/FluidR3_GM-83.caf"; sourceTree = SOURCE_ROOT; };
		8A06778D142E133900AB5B24 /* FluidR3_GM-84.caf */ = {isa = PBXFileReference; lastKnownFileType = file; name = "FluidR3_GM-84.caf"; path = "Samples/FluidR3_GM-84.caf"; sourceTree = SOURCE_ROOT; };
		8A06778E142E133900AB5B24 /* FluidR3_GM-85.caf */ = {isa = PBXFileReference; lastKnownFileType = file; name = "FluidR3_GM-85.caf"; path = "Samples/FluidR3_GM-85.caf"; sourceTree = SOURCE_ROOT; };
		8A06778F142E133900AB5B24 /* FluidR3_GM-86.caf */ = {isa = PBXFileReference; lastKnownFileType = file; name = "FluidR3_GM-86.caf"; path = "Samples/FluidR3_GM-86.caf"; sourceTree = SOURCE_ROOT; };
		8A067790142E133900AB5B24 /* FluidR3_GM-87.caf */ = {isa = PBXFileReference; lastKnownFileType = file; name = "FluidR3_GM-87.caf"; path = "Samples/FluidR3_GM-87.caf"; sourceTree = SOURCE_ROOT; };
		8A067791142E133900AB5B24 /* FluidR3_GM-88.caf */ = {isa = PBXFileReference; lastKnownFileType = file; name = "FluidR3_GM-88.caf"; path = "Samples/FluidR3_GM-88.caf"; sourceTree = SOURCE_ROOT; };
		8A067792142E133900AB5B24 /* FluidR3_GM-89.caf */ = {isa = PBXFileReference; lastKnownFileType = file; name = "FluidR3_GM-89.caf"; path = "Samples/FluidR3_GM-89.caf"; sourceTree = SOURCE_ROOT; };
		8A067793142E133900AB5B24 /* FluidR3_GM-90.caf */ = {isa = PBXFileReference; lastKnownFileType = file; name = "FluidR3_GM-90.caf"; path = "Samples/FluidR3_GM-90.caf"; sourceTree = SOURCE_ROOT; };
		8A067794142E133900AB5B24 /* FluidR3_GM-91.caf */ = {isa = PBXFileReference; lastKnownFileType = file; name = "FluidR3_GM-91.caf"; path = "Samples/FluidR3_GM-91.caf"; sourceTree = SOURCE_ROOT; };
		8A067795142E133900AB5B24 /* FluidR3_GM-92.caf */ = {isa = PBXFileReference; lastKnownFileType = file; name = "FluidR3_GM-92.caf"; path = "Samples/FluidR3_GM-92.caf"; sourceTree = SOURCE_ROOT; };
		8A067796142E133900AB5B24 /* FluidR3_GM-93.caf */ = {isa = PBXFileReference; lastKnownFileType = file; name = "FluidR3_GM-93.caf"; path = "Samples/FluidR3_GM-93.caf"; sourceTree = SOURCE_ROOT; };
		8A067797142E133900AB5B24 /* FluidR3_GM-94.caf */ = {isa = PBXFileReference; lastKnownFileType = file; name = "FluidR3_GM-94.caf"; path = "Samples/FluidR3_GM-94.caf"; sourceTree = SOURCE_ROOT; };
		8A067798142E133900AB5B24 /* FluidR3_GM-95.caf */ = {isa = PBXFileReference; lastKnownFileType = file; name = "FluidR3_GM-95.caf"; path = "Samples/FluidR3_GM-95.caf"; sourceTree = SOURCE_ROOT; };
		8A067799142E133900AB5B24 /* FluidR3_GM-96.caf */ = {isa = PBXFileReference; lastKnownFileType = file; name = "FluidR3_GM-96.caf"; path = "Samples/FluidR3_GM-96.caf"; sourceTree = SOURCE_ROOT; };
		8A06779A142E133900AB5B24 /* FluidR3_GM-97.caf */ = {isa = PBXFileReference; lastKnownFileType = file; name = "FluidR3_GM-97.caf"; path = "Samples/FluidR3_GM-97.caf"; sourceTree = SOURCE_ROOT; };
		8A06779B142E133900AB5B24 /* FluidR3_GM-98.caf */ = {isa = PBXFileReference; lastKnownFileType = file; name = "FluidR3_GM-98.caf"; path = "Samples/FluidR3_GM-98.caf"; sourceTree = SOURCE_ROOT; };
		8A06779C142E133900AB5B24 /* FluidR3_GM-99.caf */ = {isa = PBXFileReference; lastKnownFileType = file; name = "FluidR3_GM-99.caf"; path = "Samples/FluidR3_GM-99.caf"; sourceTree = SOURCE_ROOT; };
		8A06779D142E133900AB5B24 /* FluidR3_GM-100.caf */ = {isa = PBXFileReference; lastKnownFileType = file; name = "FluidR3_GM-100.caf"; path = "Samples/FluidR3_GM-100.caf"; sourceTree = SOURCE_ROOT; };
		8A06779E142E133900AB5B24 /* FluidR3_GM-101.caf */ = {isa = PBXFileReference; lastKnownFileType = file; name = "FluidR3_GM-101.caf"; path = "Samples/FluidR3_GM-101.caf"; sourceTree = SOURCE_ROOT; };
		8A06779F142E133900AB5B24 /* FluidR3_GM-102.caf */ = {isa = PBXFileReference; lastKnownFileType = file; name = "FluidR3_GM-102.caf"; path = "Samples/FluidR3_GM-102.caf"; sourceTree = SOURCE_ROOT; };
		8A0677A0142E133900AB5B24 /* FluidR3_GM-103.caf */ = {isa = PBXFileReference; lastKnownFileType = file; name = "FluidR3_GM-103.caf"; path = "Samples/FluidR3_GM-103.caf"; sourceTree = SOURCE_ROOT; };
		8A0677A1142E133900AB5B24 /* FluidR3_GM-104.caf */ = {isa = PBXFileReference; lastKnownFileType = file; name = "FluidR3_GM-104.caf"; path = "Samples/FluidR3_GM-104.caf"; sourceTree = SOURCE_ROOT; };
		8A0677A2142E133900AB5B24 /* FluidR3_GM-105.caf */ = {isa = PBXFileReference; lastKnownFileType = file; name = "FluidR3_GM-105.caf"; path = "Samples/FluidR3_GM-105.caf"; sourceTree = SOURCE_ROOT; };
		8A0677A3142E133900AB5B24 /* FluidR3_GM-106.caf */ = {isa = PBXFileReference; lastKnownFileType = file; name = "FluidR3_GM-106.caf"; path = "Samples/FluidR3_GM-106.caf"; sourceTree = SOURCE_ROOT; };
		8A0677A4142E133900AB5B24 /* FluidR3_GM-107.caf */ = {isa = PBXFileReference; lastKnownFileType = file; name = "FluidR3_GM-107.caf"; path = "Samples/FluidR3_GM-107.caf"; sourceTree = SOURCE_ROOT; };
		8A0677A5142E133900AB5B24 /* FluidR3_GM-108.caf */ = {isa = PBXFileReference; lastKnownFileType = file; name = "FluidR3_GM-108.caf"; path = "Samples/FluidR3_GM-108.caf"; sourceTree = SOURCE_ROOT; };
		8A0677A6142E133900AB5B24 /* FluidR3_GM-109.caf */ = {isa = PBXFileReference; lastKnownFileType = file; name = "FluidR3_GM-109.caf"; path = "Samples/FluidR3_GM-109.caf"; sourceTree = SOURCE_ROOT; };
		8A0677A7142E133900AB5B24 /* FluidR3_GM-110.caf */ = {isa = PBXFileReference; lastKnownFileType = file; name = "FluidR3_GM-110.caf"; path = "Samples/FluidR3_GM-110.caf"; sourceTree = SOURCE_ROOT; };
		8A0677A8142E133900AB5B24 /* FluidR3_GM-111.caf */ = {isa = PBXFileReference; lastKnownFileType = file; name = "FluidR3_GM-111.caf"; path = "Samples/FluidR3_GM-111.caf"; sourceTree = SOURCE_ROOT; };
		8A0677A9142E133900AB5B24 /* FluidR3_GM-112.caf */ = {isa = PBXFileReference; lastKnownFileType = file; name = "FluidR3_GM-112.caf"; path = "Samples/FluidR3_GM-112.caf"; sourceTree = SOURCE_ROOT; };
		8A0677AA142E133900AB5B24 /* FluidR3_GM-113.caf */ = {isa = PBXFileReference; lastKnownFileType = file; name = "FluidR3_GM-113.caf"; path = "Samples/FluidR3_GM-113.caf"; sourceTree = SOURCE_ROOT; };
		8A0677AB142E133900AB5B24 /* FluidR3_GM-114.caf */ = {isa = PBXFileReference; lastKnownFileType = file; name = "FluidR3_GM-114.caf"; path = "Samples/FluidR3_GM-114.caf"; sourceTree = SOURCE_ROOT; };
		8A0677AC142E133900AB5B24 /* FluidR3_GM-115.caf */ = {isa = PBXFileReference; lastKnownFileType = file; name = "FluidR3_GM-115.caf"; path = "Samples/FluidR3_GM-115.caf"; sourceTree = SOURCE_ROOT; };
		8A0677AD142E133900AB5B24 /* FluidR3_GM-116.caf */ = {isa = PBXFileReference; lastKnownFileType = file; name = "FluidR3_GM-116.caf"; path = "Samples/FluidR3_GM-116.caf"; sourceTree = SOURCE_ROOT; };
		8A0677AE142E133900AB5B24 /* FluidR3_GM-117.caf */ = {isa = PBXFileReference; lastKnownFileType = file; name = "FluidR3_GM-117.caf"; path = "Samples/FluidR3_GM-117.caf"; sourceTree = SOURCE_ROOT; };
		8A0677AF142E133900AB5B24 /* FluidR3_GM-118.caf */ = {isa = PBXFileReference; lastKnownFileType = file; name = "FluidR3_GM-118.caf"; path = "Samples/FluidR3_GM-118.caf"; sourceTree = SOURCE_ROOT; };
		8A0677B0142E133900AB5B24 /* FluidR3_GM-119.caf */ = {isa = PBXFileReference; lastKnownFileType = file; name = "FluidR3_GM-119.caf"; path = "Samples/FluidR3_GM-119.caf"; sourceTree = SOURCE_ROOT; };
		8A0677B1142E133900AB5B24 /* FluidR3_GM-120.caf */ = {isa = PBXFileReference; lastKnownFileType = file; name = "FluidR3_GM-120.caf"; path = "Samples/FluidR3_GM-120.caf"; sourceTree = SOURCE_ROOT; };
		8A0677B2142E133900AB5B24 /* FluidR3_GM-121.caf */ = {isa = PBXFileReference; lastKnownFileType = file; name = "FluidR3_GM-121.caf"; path = "Samples/FluidR3_GM-121.caf"; sourceTree = SOURCE_ROOT; };
		8A0677B3142E133900AB5B24 /* FluidR3_GM-122.caf */ = {isa = PBXFileReference; lastKnownFileType = file; name = "FluidR3_GM-122.caf"; path = "Samples/FluidR3_GM-122.caf"; sourceTree = SOURCE_ROOT; };
		8A0677B4142E133900AB5B24 /* FluidR3_GM-123.caf */ = {isa = PBXFileReference; lastKnownFileType = file; name = "FluidR3_GM-123.caf"; path = "Samples/FluidR3_GM-123.caf"; sourceTree = SOURCE_ROOT; };
		8A0677B5142E133900AB5B24 /* FluidR3_GM-124.caf */ = {isa = PBXFileReference; lastKnownFileType = file; name = "FluidR3_GM-124.caf"; path = "Samples/FluidR3_GM-124.caf"; sourceTree = SOURCE_ROOT; };
		8A0677B6142E133900AB5B24 /* FluidR3_GM-125.caf */ = {isa = PBXFileReference; lastKnownFileType = file; name = "FluidR3_GM-125.caf"; path = "Samples/FluidR3_GM-125.caf"; sourceTree = SOURCE_ROOT; };
		8A0677B7142E133900AB5B24 /* FluidR3_GM-126.caf */ = {isa = PBXFileReference; lastKnownFileType = file; name = "FluidR3_GM-126.caf"; path = "Samples/FluidR3_GM-126.caf"; sourceTree = SOURCE_ROOT; };
		8A0677B8142E133900AB5B24 /* FluidR3_GM-127.caf */ = {isa = PBXFileReference; lastKnownFileType = file; name = "FluidR3_GM-127.caf"; path = "Samples/FluidR3_GM-127.caf"; sourceTree = SOURCE_ROOT; };
		8A52D10B1424B36E00854CC0 /* SimpleSynth.app */ = {isa = PBXFileReference; explicitFileType = wrapper.application; includeInIndex = 0; path = SimpleSynth.app; sourceTree = BUILT_PRODUCTS_DIR; };
		8A52D10F1424B36E00854CC0 /* UIKit.framework */ = {isa = PBXFileReference; lastKnownFileType = wrapper.framework; name = UIKit.framework; path = System/Library/Frameworks/UIKit.framework; sourceTree = SDKROOT; };
		8A52D1111424B36E00854CC0 /* Foundation.framework */ = {isa = PBXFileReference; lastKnownFileType = wrapper.framework; name = Foundation.framework; path = System/Library/Frameworks/Foundation.framework; sourceTree = SDKROOT; };
		8A52D1131424B36E00854CC0 /* CoreGraphics.framework */ = {isa = PBXFileReference; lastKnownFileType = wrapper.framework; name = CoreGraphics.framework; path = System/Library/Frameworks/CoreGraphics.framework; sourceTree = SDKROOT; };
		8A52D1171424B36E00854CC0 /* SimpleSynth-Info.plist */ = {isa = PBXFileReference; lastKnownFileType = text.plist.xml; path = "SimpleSynth-Info.plist"; sourceTree = "<group>"; };
		8A52D1191424B36E00854CC0 /* en */ = {isa = PBXFileReference; lastKnownFileType = text.plist.strings; name = en; path = en.lproj/InfoPlist.strings; sourceTree = "<group>"; };
		8A52D11B1424B36E00854CC0 /* main.m */ = {isa = PBXFileReference; lastKnownFileType = sourcecode.c.objc; lineEnding = 0; path = main.m; sourceTree = "<group>"; xcLanguageSpecificationIdentifier = xcode.lang.objc; };
		8A52D11D1424B36E00854CC0 /* SimpleSynth-Prefix.pch */ = {isa = PBXFileReference; lastKnownFileType = sourcecode.c.h; path = "SimpleSynth-Prefix.pch"; sourceTree = "<group>"; };
		8A52D11E1424B36E00854CC0 /* SimpleSynthAppDelegate.h */ = {isa = PBXFileReference; lastKnownFileType = sourcecode.c.h; lineEnding = 0; path = SimpleSynthAppDelegate.h; sourceTree = "<group>"; xcLanguageSpecificationIdentifier = xcode.lang.objcpp; };
		8A52D11F1424B36E00854CC0 /* SimpleSynthAppDelegate.m */ = {isa = PBXFileReference; lastKnownFileType = sourcecode.c.objc; lineEnding = 0; path = SimpleSynthAppDelegate.m; sourceTree = "<group>"; xcLanguageSpecificationIdentifier = xcode.lang.objc; };
		8A52D1281424B79B00854CC0 /* NNKeyboardVC.h */ = {isa = PBXFileReference; fileEncoding = 4; lastKnownFileType = sourcecode.c.h; lineEnding = 0; path = NNKeyboardVC.h; sourceTree = "<group>"; xcLanguageSpecificationIdentifier = xcode.lang.objcpp; };
		8A52D1291424B79B00854CC0 /* NNKeyboardVC.m */ = {isa = PBXFileReference; fileEncoding = 4; lastKnownFileType = sourcecode.c.objc; lineEnding = 0; path = NNKeyboardVC.m; sourceTree = "<group>"; xcLanguageSpecificationIdentifier = xcode.lang.objc; };
		8A52D12F1424C4DF00854CC0 /* ButtonHighlighted.png */ = {isa = PBXFileReference; lastKnownFileType = image.png; path = ButtonHighlighted.png; sourceTree = "<group>"; };
		8A52D1311424C77F00854CC0 /* SynthController.h */ = {isa = PBXFileReference; fileEncoding = 4; lastKnownFileType = sourcecode.c.h; lineEnding = 0; path = SynthController.h; sourceTree = "<group>"; xcLanguageSpecificationIdentifier = xcode.lang.objcpp; };
		8A52D1321424C77F00854CC0 /* SynthController.m */ = {isa = PBXFileReference; fileEncoding = 4; lastKnownFileType = sourcecode.c.objc; lineEnding = 0; path = SynthController.m; sourceTree = "<group>"; xcLanguageSpecificationIdentifier = xcode.lang.objc; };
		8A52D1381424C91100854CC0 /* NASession.h */ = {isa = PBXFileReference; fileEncoding = 4; lastKnownFileType = sourcecode.c.h; lineEnding = 0; path = NASession.h; sourceTree = "<group>"; xcLanguageSpecificationIdentifier = xcode.lang.objcpp; };
		8A52D1391424C91100854CC0 /* NASession.m */ = {isa = PBXFileReference; fileEncoding = 4; lastKnownFileType = sourcecode.c.objc; lineEnding = 0; path = NASession.m; sourceTree = "<group>"; xcLanguageSpecificationIdentifier = xcode.lang.objc; };
		8A52D13B1424C92A00854CC0 /* NANode.h */ = {isa = PBXFileReference; fileEncoding = 4; lastKnownFileType = sourcecode.c.h; lineEnding = 0; path = NANode.h; sourceTree = "<group>"; xcLanguageSpecificationIdentifier = xcode.lang.objcpp; };
		8A52D13C1424C92A00854CC0 /* NANode.m */ = {isa = PBXFileReference; fileEncoding = 4; lastKnownFileType = sourcecode.c.objc; lineEnding = 0; path = NANode.m; sourceTree = "<group>"; xcLanguageSpecificationIdentifier = xcode.lang.objc; };
		8A52D13F1424C95A00854CC0 /* NARemoteIO.h */ = {isa = PBXFileReference; fileEncoding = 4; lastKnownFileType = sourcecode.c.h; lineEnding = 0; path = NARemoteIO.h; sourceTree = "<group>"; xcLanguageSpecificationIdentifier = xcode.lang.objcpp; };
		8A52D1401424C95A00854CC0 /* NARemoteIO.m */ = {isa = PBXFileReference; fileEncoding = 4; lastKnownFileType = sourcecode.c.objc; lineEnding = 0; path = NARemoteIO.m; sourceTree = "<group>"; xcLanguageSpecificationIdentifier = xcode.lang.objc; };
		8A52D1421424C96B00854CC0 /* NASineWave.h */ = {isa = PBXFileReference; fileEncoding = 4; lastKnownFileType = sourcecode.c.h; lineEnding = 0; path = NASineWave.h; sourceTree = "<group>"; xcLanguageSpecificationIdentifier = xcode.lang.objcpp; };
		8A52D1431424C96B00854CC0 /* NASineWave.m */ = {isa = PBXFileReference; fileEncoding = 4; lastKnownFileType = sourcecode.c.objc; lineEnding = 0; path = NASineWave.m; sourceTree = "<group>"; xcLanguageSpecificationIdentifier = xcode.lang.objc; };
		8A52D1451424C97D00854CC0 /* NAReverbEffect.h */ = {isa = PBXFileReference; fileEncoding = 4; lastKnownFileType = sourcecode.c.h; lineEnding = 0; path = NAReverbEffect.h; sourceTree = "<group>"; xcLanguageSpecificationIdentifier = xcode.lang.objcpp; };
		8A52D1461424C97D00854CC0 /* NAReverbEffect.m */ = {isa = PBXFileReference; fileEncoding = 4; lastKnownFileType = sourcecode.c.objc; lineEnding = 0; path = NAReverbEffect.m; sourceTree = "<group>"; xcLanguageSpecificationIdentifier = xcode.lang.objc; };
		8A52D1491424C9A800854CC0 /* NACallback.h */ = {isa = PBXFileReference; fileEncoding = 4; lastKnownFileType = sourcecode.c.h; lineEnding = 0; path = NACallback.h; sourceTree = "<group>"; xcLanguageSpecificationIdentifier = xcode.lang.objcpp; };
		8A52D14A1424C9A800854CC0 /* NACallback.m */ = {isa = PBXFileReference; fileEncoding = 4; lastKnownFileType = sourcecode.c.objc; lineEnding = 0; path = NACallback.m; sourceTree = "<group>"; xcLanguageSpecificationIdentifier = xcode.lang.objc; };
		8A52D14C1424C9B800854CC0 /* NADescription.h */ = {isa = PBXFileReference; fileEncoding = 4; lastKnownFileType = sourcecode.c.h; lineEnding = 0; path = NADescription.h; sourceTree = "<group>"; xcLanguageSpecificationIdentifier = xcode.lang.objcpp; };
		8A52D14D1424C9B800854CC0 /* NADescription.m */ = {isa = PBXFileReference; fileEncoding = 4; lastKnownFileType = sourcecode.c.objc; lineEnding = 0; path = NADescription.m; sourceTree = "<group>"; xcLanguageSpecificationIdentifier = xcode.lang.objc; };
		8A52D14F1424C9C800854CC0 /* NALevelMeter.h */ = {isa = PBXFileReference; fileEncoding = 4; lastKnownFileType = sourcecode.c.h; lineEnding = 0; path = NALevelMeter.h; sourceTree = "<group>"; xcLanguageSpecificationIdentifier = xcode.lang.objcpp; };
		8A52D1501424C9C800854CC0 /* NALevelMeter.m */ = {isa = PBXFileReference; fileEncoding = 4; lastKnownFileType = sourcecode.c.objc; lineEnding = 0; path = NALevelMeter.m; sourceTree = "<group>"; xcLanguageSpecificationIdentifier = xcode.lang.objc; };
		8A52D1521424C9DB00854CC0 /* NAMIDI.h */ = {isa = PBXFileReference; fileEncoding = 4; lastKnownFileType = sourcecode.c.h; lineEnding = 0; path = NAMIDI.h; sourceTree = "<group>"; xcLanguageSpecificationIdentifier = xcode.lang.objcpp; };
		8A52D1531424C9DB00854CC0 /* NAMIDI.m */ = {isa = PBXFileReference; fileEncoding = 4; lastKnownFileType = sourcecode.c.objc; lineEnding = 0; path = NAMIDI.m; sourceTree = "<group>"; xcLanguageSpecificationIdentifier = xcode.lang.objc; };
		8A52D1551424C9F000854CC0 /* NARecorder.h */ = {isa = PBXFileReference; fileEncoding = 4; lastKnownFileType = sourcecode.c.h; lineEnding = 0; path = NARecorder.h; sourceTree = "<group>"; xcLanguageSpecificationIdentifier = xcode.lang.objcpp; };
		8A52D1561424C9F000854CC0 /* NARecorder.m */ = {isa = PBXFileReference; fileEncoding = 4; lastKnownFileType = sourcecode.c.objc; lineEnding = 0; path = NARecorder.m; sourceTree = "<group>"; xcLanguageSpecificationIdentifier = xcode.lang.objc; };
		8A52D1581424C9FC00854CC0 /* NAUtils.h */ = {isa = PBXFileReference; fileEncoding = 4; lastKnownFileType = sourcecode.c.h; lineEnding = 0; path = NAUtils.h; sourceTree = "<group>"; xcLanguageSpecificationIdentifier = xcode.lang.objcpp; };
		8A52D1591424C9FC00854CC0 /* NAUtils.m */ = {isa = PBXFileReference; fileEncoding = 4; lastKnownFileType = sourcecode.c.objc; lineEnding = 0; path = NAUtils.m; sourceTree = "<group>"; xcLanguageSpecificationIdentifier = xcode.lang.objc; };
		8A900F8114352997001C28D3 /* CoreMIDI.framework */ = {isa = PBXFileReference; lastKnownFileType = wrapper.framework; name = CoreMIDI.framework; path = System/Library/Frameworks/CoreMIDI.framework; sourceTree = SDKROOT; };
		8A900F8414352F2F001C28D3 /* LevelMeterView.h */ = {isa = PBXFileReference; fileEncoding = 4; lastKnownFileType = sourcecode.c.h; path = LevelMeterView.h; sourceTree = "<group>"; };
		8A900F8514352F2F001C28D3 /* LevelMeterView.m */ = {isa = PBXFileReference; fileEncoding = 4; lastKnownFileType = sourcecode.c.objc; path = LevelMeterView.m; sourceTree = "<group>"; };
		8A91853D142E3D44004AB122 /* NANode+Debug.h */ = {isa = PBXFileReference; fileEncoding = 4; lastKnownFileType = sourcecode.c.h; path = "NANode+Debug.h"; sourceTree = "<group>"; };
		8A979A471424CF9B0012638A /* AudioToolbox.framework */ = {isa = PBXFileReference; lastKnownFileType = wrapper.framework; name = AudioToolbox.framework; path = System/Library/Frameworks/AudioToolbox.framework; sourceTree = SDKROOT; };
		8A979A4A1424D0320012638A /* NNAudio.h */ = {isa = PBXFileReference; fileEncoding = 4; lastKnownFileType = sourcecode.c.h; lineEnding = 0; path = NNAudio.h; sourceTree = "<group>"; xcLanguageSpecificationIdentifier = xcode.lang.objcpp; };
		8A979A4F1424FC280012638A /* NAMixer.h */ = {isa = PBXFileReference; fileEncoding = 4; lastKnownFileType = sourcecode.c.h; lineEnding = 0; path = NAMixer.h; sourceTree = "<group>"; xcLanguageSpecificationIdentifier = xcode.lang.objcpp; };
		8A979A501424FC280012638A /* NAMixer.m */ = {isa = PBXFileReference; fileEncoding = 4; lastKnownFileType = sourcecode.c.objc; lineEnding = 0; path = NAMixer.m; sourceTree = "<group>"; xcLanguageSpecificationIdentifier = xcode.lang.objc; };
		8ABF0F34142F4A38000B95EE /* NNKeyboard.h */ = {isa = PBXFileReference; fileEncoding = 4; lastKnownFileType = sourcecode.c.h; path = NNKeyboard.h; sourceTree = "<group>"; };
		8ABF0F35142F4A38000B95EE /* NNKeyboard.m */ = {isa = PBXFileReference; fileEncoding = 4; lastKnownFileType = sourcecode.c.objc; path = NNKeyboard.m; sourceTree = "<group>"; };
/* End PBXFileReference section */

/* Begin PBXFrameworksBuildPhase section */
		8A52D1081424B36E00854CC0 /* Frameworks */ = {
			isa = PBXFrameworksBuildPhase;
			buildActionMask = 2147483647;
			files = (
				8A979A481424CF9B0012638A /* AudioToolbox.framework in Frameworks */,
				8A067736142DECF200AB5B24 /* AVFoundation.framework in Frameworks */,
				8A52D1141424B36E00854CC0 /* CoreGraphics.framework in Frameworks */,
				8A900F8214352997001C28D3 /* CoreMIDI.framework in Frameworks */,
				8A52D1121424B36E00854CC0 /* Foundation.framework in Frameworks */,
				8A52D1101424B36E00854CC0 /* UIKit.framework in Frameworks */,
			);
			runOnlyForDeploymentPostprocessing = 0;
		};
/* End PBXFrameworksBuildPhase section */

/* Begin PBXGroup section */
		8A067739142E12A800AB5B24 /* Samples */ = {
			isa = PBXGroup;
			children = (
				8A06773A142E133900AB5B24 /* FluidR3_GM-1.caf */,
				8A06773B142E133900AB5B24 /* FluidR3_GM-2.caf */,
				8A06773C142E133900AB5B24 /* FluidR3_GM-3.caf */,
				8A06773D142E133900AB5B24 /* FluidR3_GM-4.caf */,
				8A06773E142E133900AB5B24 /* FluidR3_GM-5.caf */,
				8A06773F142E133900AB5B24 /* FluidR3_GM-6.caf */,
				8A067740142E133900AB5B24 /* FluidR3_GM-7.caf */,
				8A067741142E133900AB5B24 /* FluidR3_GM-8.caf */,
				8A067742142E133900AB5B24 /* FluidR3_GM-9.caf */,
				8A067743142E133900AB5B24 /* FluidR3_GM-10.caf */,
				8A067744142E133900AB5B24 /* FluidR3_GM-11.caf */,
				8A067745142E133900AB5B24 /* FluidR3_GM-12.caf */,
				8A067746142E133900AB5B24 /* FluidR3_GM-13.caf */,
				8A067747142E133900AB5B24 /* FluidR3_GM-14.caf */,
				8A067748142E133900AB5B24 /* FluidR3_GM-15.caf */,
				8A067749142E133900AB5B24 /* FluidR3_GM-16.caf */,
				8A06774A142E133900AB5B24 /* FluidR3_GM-17.caf */,
				8A06774B142E133900AB5B24 /* FluidR3_GM-18.caf */,
				8A06774C142E133900AB5B24 /* FluidR3_GM-19.caf */,
				8A06774D142E133900AB5B24 /* FluidR3_GM-20.caf */,
				8A06774E142E133900AB5B24 /* FluidR3_GM-21.caf */,
				8A06774F142E133900AB5B24 /* FluidR3_GM-22.caf */,
				8A067750142E133900AB5B24 /* FluidR3_GM-23.caf */,
				8A067751142E133900AB5B24 /* FluidR3_GM-24.caf */,
				8A067752142E133900AB5B24 /* FluidR3_GM-25.caf */,
				8A067753142E133900AB5B24 /* FluidR3_GM-26.caf */,
				8A067754142E133900AB5B24 /* FluidR3_GM-27.caf */,
				8A067755142E133900AB5B24 /* FluidR3_GM-28.caf */,
				8A067756142E133900AB5B24 /* FluidR3_GM-29.caf */,
				8A067757142E133900AB5B24 /* FluidR3_GM-30.caf */,
				8A067758142E133900AB5B24 /* FluidR3_GM-31.caf */,
				8A067759142E133900AB5B24 /* FluidR3_GM-32.caf */,
				8A06775A142E133900AB5B24 /* FluidR3_GM-33.caf */,
				8A06775B142E133900AB5B24 /* FluidR3_GM-34.caf */,
				8A06775C142E133900AB5B24 /* FluidR3_GM-35.caf */,
				8A06775D142E133900AB5B24 /* FluidR3_GM-36.caf */,
				8A06775E142E133900AB5B24 /* FluidR3_GM-37.caf */,
				8A06775F142E133900AB5B24 /* FluidR3_GM-38.caf */,
				8A067760142E133900AB5B24 /* FluidR3_GM-39.caf */,
				8A067761142E133900AB5B24 /* FluidR3_GM-40.caf */,
				8A067762142E133900AB5B24 /* FluidR3_GM-41.caf */,
				8A067763142E133900AB5B24 /* FluidR3_GM-42.caf */,
				8A067764142E133900AB5B24 /* FluidR3_GM-43.caf */,
				8A067765142E133900AB5B24 /* FluidR3_GM-44.caf */,
				8A067766142E133900AB5B24 /* FluidR3_GM-45.caf */,
				8A067767142E133900AB5B24 /* FluidR3_GM-46.caf */,
				8A067768142E133900AB5B24 /* FluidR3_GM-47.caf */,
				8A067769142E133900AB5B24 /* FluidR3_GM-48.caf */,
				8A06776A142E133900AB5B24 /* FluidR3_GM-49.caf */,
				8A06776B142E133900AB5B24 /* FluidR3_GM-50.caf */,
				8A06776C142E133900AB5B24 /* FluidR3_GM-51.caf */,
				8A06776D142E133900AB5B24 /* FluidR3_GM-52.caf */,
				8A06776E142E133900AB5B24 /* FluidR3_GM-53.caf */,
				8A06776F142E133900AB5B24 /* FluidR3_GM-54.caf */,
				8A067770142E133900AB5B24 /* FluidR3_GM-55.caf */,
				8A067771142E133900AB5B24 /* FluidR3_GM-56.caf */,
				8A067772142E133900AB5B24 /* FluidR3_GM-57.caf */,
				8A067773142E133900AB5B24 /* FluidR3_GM-58.caf */,
				8A067774142E133900AB5B24 /* FluidR3_GM-59.caf */,
				8A067775142E133900AB5B24 /* FluidR3_GM-60.caf */,
				8A067776142E133900AB5B24 /* FluidR3_GM-61.caf */,
				8A067777142E133900AB5B24 /* FluidR3_GM-62.caf */,
				8A067778142E133900AB5B24 /* FluidR3_GM-63.caf */,
				8A067779142E133900AB5B24 /* FluidR3_GM-64.caf */,
				8A06777A142E133900AB5B24 /* FluidR3_GM-65.caf */,
				8A06777B142E133900AB5B24 /* FluidR3_GM-66.caf */,
				8A06777C142E133900AB5B24 /* FluidR3_GM-67.caf */,
				8A06777D142E133900AB5B24 /* FluidR3_GM-68.caf */,
				8A06777E142E133900AB5B24 /* FluidR3_GM-69.caf */,
				8A06777F142E133900AB5B24 /* FluidR3_GM-70.caf */,
				8A067780142E133900AB5B24 /* FluidR3_GM-71.caf */,
				8A067781142E133900AB5B24 /* FluidR3_GM-72.caf */,
				8A067782142E133900AB5B24 /* FluidR3_GM-73.caf */,
				8A067783142E133900AB5B24 /* FluidR3_GM-74.caf */,
				8A067784142E133900AB5B24 /* FluidR3_GM-75.caf */,
				8A067785142E133900AB5B24 /* FluidR3_GM-76.caf */,
				8A067786142E133900AB5B24 /* FluidR3_GM-77.caf */,
				8A067787142E133900AB5B24 /* FluidR3_GM-78.caf */,
				8A067788142E133900AB5B24 /* FluidR3_GM-79.caf */,
				8A067789142E133900AB5B24 /* FluidR3_GM-80.caf */,
				8A06778A142E133900AB5B24 /* FluidR3_GM-81.caf */,
				8A06778B142E133900AB5B24 /* FluidR3_GM-82.caf */,
				8A06778C142E133900AB5B24 /* FluidR3_GM-83.caf */,
				8A06778D142E133900AB5B24 /* FluidR3_GM-84.caf */,
				8A06778E142E133900AB5B24 /* FluidR3_GM-85.caf */,
				8A06778F142E133900AB5B24 /* FluidR3_GM-86.caf */,
				8A067790142E133900AB5B24 /* FluidR3_GM-87.caf */,
				8A067791142E133900AB5B24 /* FluidR3_GM-88.caf */,
				8A067792142E133900AB5B24 /* FluidR3_GM-89.caf */,
				8A067793142E133900AB5B24 /* FluidR3_GM-90.caf */,
				8A067794142E133900AB5B24 /* FluidR3_GM-91.caf */,
				8A067795142E133900AB5B24 /* FluidR3_GM-92.caf */,
				8A067796142E133900AB5B24 /* FluidR3_GM-93.caf */,
				8A067797142E133900AB5B24 /* FluidR3_GM-94.caf */,
				8A067798142E133900AB5B24 /* FluidR3_GM-95.caf */,
				8A067799142E133900AB5B24 /* FluidR3_GM-96.caf */,
				8A06779A142E133900AB5B24 /* FluidR3_GM-97.caf */,
				8A06779B142E133900AB5B24 /* FluidR3_GM-98.caf */,
				8A06779C142E133900AB5B24 /* FluidR3_GM-99.caf */,
				8A06779D142E133900AB5B24 /* FluidR3_GM-100.caf */,
				8A06779E142E133900AB5B24 /* FluidR3_GM-101.caf */,
				8A06779F142E133900AB5B24 /* FluidR3_GM-102.caf */,
				8A0677A0142E133900AB5B24 /* FluidR3_GM-103.caf */,
				8A0677A1142E133900AB5B24 /* FluidR3_GM-104.caf */,
				8A0677A2142E133900AB5B24 /* FluidR3_GM-105.caf */,
				8A0677A3142E133900AB5B24 /* FluidR3_GM-106.caf */,
				8A0677A4142E133900AB5B24 /* FluidR3_GM-107.caf */,
				8A0677A5142E133900AB5B24 /* FluidR3_GM-108.caf */,
				8A0677A6142E133900AB5B24 /* FluidR3_GM-109.caf */,
				8A0677A7142E133900AB5B24 /* FluidR3_GM-110.caf */,
				8A0677A8142E133900AB5B24 /* FluidR3_GM-111.caf */,
				8A0677A9142E133900AB5B24 /* FluidR3_GM-112.caf */,
				8A0677AA142E133900AB5B24 /* FluidR3_GM-113.caf */,
				8A0677AB142E133900AB5B24 /* FluidR3_GM-114.caf */,
				8A0677AC142E133900AB5B24 /* FluidR3_GM-115.caf */,
				8A0677AD142E133900AB5B24 /* FluidR3_GM-116.caf */,
				8A0677AE142E133900AB5B24 /* FluidR3_GM-117.caf */,
				8A0677AF142E133900AB5B24 /* FluidR3_GM-118.caf */,
				8A0677B0142E133900AB5B24 /* FluidR3_GM-119.caf */,
				8A0677B1142E133900AB5B24 /* FluidR3_GM-120.caf */,
				8A0677B2142E133900AB5B24 /* FluidR3_GM-121.caf */,
				8A0677B3142E133900AB5B24 /* FluidR3_GM-122.caf */,
				8A0677B4142E133900AB5B24 /* FluidR3_GM-123.caf */,
				8A0677B5142E133900AB5B24 /* FluidR3_GM-124.caf */,
				8A0677B6142E133900AB5B24 /* FluidR3_GM-125.caf */,
				8A0677B7142E133900AB5B24 /* FluidR3_GM-126.caf */,
				8A0677B8142E133900AB5B24 /* FluidR3_GM-127.caf */,
			);
			name = Samples;
			sourceTree = "<group>";
		};
		8A52D1001424B36D00854CC0 = {
			isa = PBXGroup;
			children = (
				8A52D1151424B36E00854CC0 /* SimpleSynth */,
				8A52D10E1424B36E00854CC0 /* Frameworks */,
				8A52D10C1424B36E00854CC0 /* Products */,
			);
			sourceTree = "<group>";
		};
		8A52D10C1424B36E00854CC0 /* Products */ = {
			isa = PBXGroup;
			children = (
				8A52D10B1424B36E00854CC0 /* SimpleSynth.app */,
			);
			name = Products;
			sourceTree = "<group>";
		};
		8A52D10E1424B36E00854CC0 /* Frameworks */ = {
			isa = PBXGroup;
			children = (
				8A979A471424CF9B0012638A /* AudioToolbox.framework */,
				8A067735142DECF200AB5B24 /* AVFoundation.framework */,
				8A52D1131424B36E00854CC0 /* CoreGraphics.framework */,
				8A900F8114352997001C28D3 /* CoreMIDI.framework */,
				8A52D1111424B36E00854CC0 /* Foundation.framework */,
				8A52D10F1424B36E00854CC0 /* UIKit.framework */,
			);
			name = Frameworks;
			sourceTree = "<group>";
		};
		8A52D1151424B36E00854CC0 /* SimpleSynth */ = {
			isa = PBXGroup;
			children = (
				8A900F8414352F2F001C28D3 /* LevelMeterView.h */,
				8A900F8514352F2F001C28D3 /* LevelMeterView.m */,
				8ABF0F34142F4A38000B95EE /* NNKeyboard.h */,
				8ABF0F35142F4A38000B95EE /* NNKeyboard.m */,
				8A52D1281424B79B00854CC0 /* NNKeyboardVC.h */,
				8A52D1291424B79B00854CC0 /* NNKeyboardVC.m */,
				8A52D11E1424B36E00854CC0 /* SimpleSynthAppDelegate.h */,
				8A52D11F1424B36E00854CC0 /* SimpleSynthAppDelegate.m */,
				8A52D1311424C77F00854CC0 /* SynthController.h */,
				8A52D1321424C77F00854CC0 /* SynthController.m */,
				8A52D1261424B39600854CC0 /* NNAudio */,
				8A52D1271424B74500854CC0 /* Resources */,
				8A52D1161424B36E00854CC0 /* Supporting Files */,
			);
			path = SimpleSynth;
			sourceTree = "<group>";
		};
		8A52D1161424B36E00854CC0 /* Supporting Files */ = {
			isa = PBXGroup;
			children = (
				8A52D1171424B36E00854CC0 /* SimpleSynth-Info.plist */,
				8A52D1181424B36E00854CC0 /* InfoPlist.strings */,
				8A52D11B1424B36E00854CC0 /* main.m */,
				8A52D11D1424B36E00854CC0 /* SimpleSynth-Prefix.pch */,
			);
			name = "Supporting Files";
			sourceTree = "<group>";
		};
		8A52D1261424B39600854CC0 /* NNAudio */ = {
			isa = PBXGroup;
			children = (
				8A52D1481424C98C00854CC0 /* Utils */,
				8A52D13E1424C93800854CC0 /* Units */,
				8A52D1521424C9DB00854CC0 /* NAMIDI.h */,
				8A52D1531424C9DB00854CC0 /* NAMIDI.m */,
				8A52D1381424C91100854CC0 /* NASession.h */,
				8A52D1391424C91100854CC0 /* NASession.m */,
				8A979A4A1424D0320012638A /* NNAudio.h */,
			);
			name = NNAudio;
			sourceTree = "<group>";
		};
		8A52D1271424B74500854CC0 /* Resources */ = {
			isa = PBXGroup;
			children = (
				8A067739142E12A800AB5B24 /* Samples */,
				8A52D12F1424C4DF00854CC0 /* ButtonHighlighted.png */,
			);
			name = Resources;
			sourceTree = "<group>";
		};
		8A52D13E1424C93800854CC0 /* Units */ = {
			isa = PBXGroup;
			children = (
				8A979A4F1424FC280012638A /* NAMixer.h */,
				8A979A501424FC280012638A /* NAMixer.m */,
				8A52D13B1424C92A00854CC0 /* NANode.h */,
				8A52D13C1424C92A00854CC0 /* NANode.m */,
				8A91853D142E3D44004AB122 /* NANode+Debug.h */,
				8A52D13F1424C95A00854CC0 /* NARemoteIO.h */,
				8A52D1401424C95A00854CC0 /* NARemoteIO.m */,
				8A52D1451424C97D00854CC0 /* NAReverbEffect.h */,
				8A52D1461424C97D00854CC0 /* NAReverbEffect.m */,
				8A52D1421424C96B00854CC0 /* NASineWave.h */,
				8A52D1431424C96B00854CC0 /* NASineWave.m */,
			);
			name = Units;
			sourceTree = "<group>";
		};
		8A52D1481424C98C00854CC0 /* Utils */ = {
			isa = PBXGroup;
			children = (
				8A52D1491424C9A800854CC0 /* NACallback.h */,
				8A52D14A1424C9A800854CC0 /* NACallback.m */,
				8A52D14C1424C9B800854CC0 /* NADescription.h */,
				8A52D14D1424C9B800854CC0 /* NADescription.m */,
				8A52D14F1424C9C800854CC0 /* NALevelMeter.h */,
				8A52D1501424C9C800854CC0 /* NALevelMeter.m */,
				8A52D1551424C9F000854CC0 /* NARecorder.h */,
				8A52D1561424C9F000854CC0 /* NARecorder.m */,
				8A52D1581424C9FC00854CC0 /* NAUtils.h */,
				8A52D1591424C9FC00854CC0 /* NAUtils.m */,
			);
			name = Utils;
			sourceTree = "<group>";
		};
/* End PBXGroup section */

/* Begin PBXNativeTarget section */
		8A52D10A1424B36E00854CC0 /* SimpleSynth */ = {
			isa = PBXNativeTarget;
			buildConfigurationList = 8A52D1231424B36E00854CC0 /* Build configuration list for PBXNativeTarget "SimpleSynth" */;
			buildPhases = (
				8A52D1071424B36E00854CC0 /* Sources */,
				8A52D1081424B36E00854CC0 /* Frameworks */,
				8A52D1091424B36E00854CC0 /* Resources */,
			);
			buildRules = (
			);
			dependencies = (
			);
			name = SimpleSynth;
			productName = SimpleSynth;
			productReference = 8A52D10B1424B36E00854CC0 /* SimpleSynth.app */;
			productType = "com.apple.product-type.application";
		};
/* End PBXNativeTarget section */

/* Begin PBXProject section */
		8A52D1021424B36D00854CC0 /* Project object */ = {
			isa = PBXProject;
			attributes = {
				LastUpgradeCheck = 0420;
				ORGANIZATIONNAME = "Extessy AG";
			};
			buildConfigurationList = 8A52D1051424B36D00854CC0 /* Build configuration list for PBXProject "SimpleSynth" */;
			compatibilityVersion = "Xcode 3.2";
			developmentRegion = English;
			hasScannedForEncodings = 0;
			knownRegions = (
				en,
			);
			mainGroup = 8A52D1001424B36D00854CC0;
			productRefGroup = 8A52D10C1424B36E00854CC0 /* Products */;
			projectDirPath = "";
			projectRoot = "";
			targets = (
				8A52D10A1424B36E00854CC0 /* SimpleSynth */,
			);
		};
/* End PBXProject section */

/* Begin PBXResourcesBuildPhase section */
		8A52D1091424B36E00854CC0 /* Resources */ = {
			isa = PBXResourcesBuildPhase;
			buildActionMask = 2147483647;
			files = (
				8A52D11A1424B36E00854CC0 /* InfoPlist.strings in Resources */,
				8A52D1301424C4DF00854CC0 /* ButtonHighlighted.png in Resources */,
				8A0677B9142E133900AB5B24 /* FluidR3_GM-1.caf in Resources */,
				8A0677BA142E133900AB5B24 /* FluidR3_GM-2.caf in Resources */,
				8A0677BB142E133900AB5B24 /* FluidR3_GM-3.caf in Resources */,
				8A0677BC142E133900AB5B24 /* FluidR3_GM-4.caf in Resources */,
				8A0677BD142E133900AB5B24 /* FluidR3_GM-5.caf in Resources */,
				8A0677BE142E133900AB5B24 /* FluidR3_GM-6.caf in Resources */,
				8A0677BF142E133900AB5B24 /* FluidR3_GM-7.caf in Resources */,
				8A0677C0142E133900AB5B24 /* FluidR3_GM-8.caf in Resources */,
				8A0677C1142E133900AB5B24 /* FluidR3_GM-9.caf in Resources */,
				8A0677C2142E133900AB5B24 /* FluidR3_GM-10.caf in Resources */,
				8A0677C3142E133900AB5B24 /* FluidR3_GM-11.caf in Resources */,
				8A0677C4142E133900AB5B24 /* FluidR3_GM-12.caf in Resources */,
				8A0677C5142E133900AB5B24 /* FluidR3_GM-13.caf in Resources */,
				8A0677C6142E133900AB5B24 /* FluidR3_GM-14.caf in Resources */,
				8A0677C7142E133900AB5B24 /* FluidR3_GM-15.caf in Resources */,
				8A0677C8142E133900AB5B24 /* FluidR3_GM-16.caf in Resources */,
				8A0677C9142E133900AB5B24 /* FluidR3_GM-17.caf in Resources */,
				8A0677CA142E133900AB5B24 /* FluidR3_GM-18.caf in Resources */,
				8A0677CB142E133900AB5B24 /* FluidR3_GM-19.caf in Resources */,
				8A0677CC142E133900AB5B24 /* FluidR3_GM-20.caf in Resources */,
				8A0677CD142E133900AB5B24 /* FluidR3_GM-21.caf in Resources */,
				8A0677CE142E133900AB5B24 /* FluidR3_GM-22.caf in Resources */,
				8A0677CF142E133900AB5B24 /* FluidR3_GM-23.caf in Resources */,
				8A0677D0142E133900AB5B24 /* FluidR3_GM-24.caf in Resources */,
				8A0677D1142E133900AB5B24 /* FluidR3_GM-25.caf in Resources */,
				8A0677D2142E133900AB5B24 /* FluidR3_GM-26.caf in Resources */,
				8A0677D3142E133900AB5B24 /* FluidR3_GM-27.caf in Resources */,
				8A0677D4142E133900AB5B24 /* FluidR3_GM-28.caf in Resources */,
				8A0677D5142E133900AB5B24 /* FluidR3_GM-29.caf in Resources */,
				8A0677D6142E133900AB5B24 /* FluidR3_GM-30.caf in Resources */,
				8A0677D7142E133900AB5B24 /* FluidR3_GM-31.caf in Resources */,
				8A0677D8142E133900AB5B24 /* FluidR3_GM-32.caf in Resources */,
				8A0677D9142E133900AB5B24 /* FluidR3_GM-33.caf in Resources */,
				8A0677DA142E133900AB5B24 /* FluidR3_GM-34.caf in Resources */,
				8A0677DB142E133900AB5B24 /* FluidR3_GM-35.caf in Resources */,
				8A0677DC142E133900AB5B24 /* FluidR3_GM-36.caf in Resources */,
				8A0677DD142E133900AB5B24 /* FluidR3_GM-37.caf in Resources */,
				8A0677DE142E133900AB5B24 /* FluidR3_GM-38.caf in Resources */,
				8A0677DF142E133900AB5B24 /* FluidR3_GM-39.caf in Resources */,
				8A0677E0142E133900AB5B24 /* FluidR3_GM-40.caf in Resources */,
				8A0677E1142E133900AB5B24 /* FluidR3_GM-41.caf in Resources */,
				8A0677E2142E133900AB5B24 /* FluidR3_GM-42.caf in Resources */,
				8A0677E3142E133900AB5B24 /* FluidR3_GM-43.caf in Resources */,
				8A0677E4142E133900AB5B24 /* FluidR3_GM-44.caf in Resources */,
				8A0677E5142E133900AB5B24 /* FluidR3_GM-45.caf in Resources */,
				8A0677E6142E133900AB5B24 /* FluidR3_GM-46.caf in Resources */,
				8A0677E7142E133900AB5B24 /* FluidR3_GM-47.caf in Resources */,
				8A0677E8142E133900AB5B24 /* FluidR3_GM-48.caf in Resources */,
				8A0677E9142E133900AB5B24 /* FluidR3_GM-49.caf in Resources */,
				8A0677EA142E133900AB5B24 /* FluidR3_GM-50.caf in Resources */,
				8A0677EB142E133900AB5B24 /* FluidR3_GM-51.caf in Resources */,
				8A0677EC142E133900AB5B24 /* FluidR3_GM-52.caf in Resources */,
				8A0677ED142E133900AB5B24 /* FluidR3_GM-53.caf in Resources */,
				8A0677EE142E133900AB5B24 /* FluidR3_GM-54.caf in Resources */,
				8A0677EF142E133900AB5B24 /* FluidR3_GM-55.caf in Resources */,
				8A0677F0142E133900AB5B24 /* FluidR3_GM-56.caf in Resources */,
				8A0677F1142E133900AB5B24 /* FluidR3_GM-57.caf in Resources */,
				8A0677F2142E133900AB5B24 /* FluidR3_GM-58.caf in Resources */,
				8A0677F3142E133900AB5B24 /* FluidR3_GM-59.caf in Resources */,
				8A0677F4142E133900AB5B24 /* FluidR3_GM-60.caf in Resources */,
				8A0677F5142E133900AB5B24 /* FluidR3_GM-61.caf in Resources */,
				8A0677F6142E133900AB5B24 /* FluidR3_GM-62.caf in Resources */,
				8A0677F7142E133900AB5B24 /* FluidR3_GM-63.caf in Resources */,
				8A0677F8142E133900AB5B24 /* FluidR3_GM-64.caf in Resources */,
				8A0677F9142E133900AB5B24 /* FluidR3_GM-65.caf in Resources */,
				8A0677FA142E133900AB5B24 /* FluidR3_GM-66.caf in Resources */,
				8A0677FB142E133900AB5B24 /* FluidR3_GM-67.caf in Resources */,
				8A0677FC142E133900AB5B24 /* FluidR3_GM-68.caf in Resources */,
				8A0677FD142E133900AB5B24 /* FluidR3_GM-69.caf in Resources */,
				8A0677FE142E133900AB5B24 /* FluidR3_GM-70.caf in Resources */,
				8A0677FF142E133900AB5B24 /* FluidR3_GM-71.caf in Resources */,
				8A067800142E133900AB5B24 /* FluidR3_GM-72.caf in Resources */,
				8A067801142E133900AB5B24 /* FluidR3_GM-73.caf in Resources */,
				8A067802142E133900AB5B24 /* FluidR3_GM-74.caf in Resources */,
				8A067803142E133900AB5B24 /* FluidR3_GM-75.caf in Resources */,
				8A067804142E133900AB5B24 /* FluidR3_GM-76.caf in Resources */,
				8A067805142E133900AB5B24 /* FluidR3_GM-77.caf in Resources */,
				8A067806142E133900AB5B24 /* FluidR3_GM-78.caf in Resources */,
				8A067807142E133900AB5B24 /* FluidR3_GM-79.caf in Resources */,
				8A067808142E133900AB5B24 /* FluidR3_GM-80.caf in Resources */,
				8A067809142E133900AB5B24 /* FluidR3_GM-81.caf in Resources */,
				8A06780A142E133900AB5B24 /* FluidR3_GM-82.caf in Resources */,
				8A06780B142E133900AB5B24 /* FluidR3_GM-83.caf in Resources */,
				8A06780C142E133900AB5B24 /* FluidR3_GM-84.caf in Resources */,
				8A06780D142E133900AB5B24 /* FluidR3_GM-85.caf in Resources */,
				8A06780E142E133900AB5B24 /* FluidR3_GM-86.caf in Resources */,
				8A06780F142E133900AB5B24 /* FluidR3_GM-87.caf in Resources */,
				8A067810142E133900AB5B24 /* FluidR3_GM-88.caf in Resources */,
				8A067811142E133900AB5B24 /* FluidR3_GM-89.caf in Resources */,
				8A067812142E133900AB5B24 /* FluidR3_GM-90.caf in Resources */,
				8A067813142E133900AB5B24 /* FluidR3_GM-91.caf in Resources */,
				8A067814142E133900AB5B24 /* FluidR3_GM-92.caf in Resources */,
				8A067815142E133900AB5B24 /* FluidR3_GM-93.caf in Resources */,
				8A067816142E133900AB5B24 /* FluidR3_GM-94.caf in Resources */,
				8A067817142E133900AB5B24 /* FluidR3_GM-95.caf in Resources */,
				8A067818142E133900AB5B24 /* FluidR3_GM-96.caf in Resources */,
				8A067819142E133900AB5B24 /* FluidR3_GM-97.caf in Resources */,
				8A06781A142E133900AB5B24 /* FluidR3_GM-98.caf in Resources */,
				8A06781B142E133900AB5B24 /* FluidR3_GM-99.caf in Resources */,
				8A06781C142E133900AB5B24 /* FluidR3_GM-100.caf in Resources */,
				8A06781D142E133900AB5B24 /* FluidR3_GM-101.caf in Resources */,
				8A06781E142E133900AB5B24 /* FluidR3_GM-102.caf in Resources */,
				8A06781F142E133900AB5B24 /* FluidR3_GM-103.caf in Resources */,
				8A067820142E133900AB5B24 /* FluidR3_GM-104.caf in Resources */,
				8A067821142E133900AB5B24 /* FluidR3_GM-105.caf in Resources */,
				8A067822142E133900AB5B24 /* FluidR3_GM-106.caf in Resources */,
				8A067823142E133900AB5B24 /* FluidR3_GM-107.caf in Resources */,
				8A067824142E133900AB5B24 /* FluidR3_GM-108.caf in Resources */,
				8A067825142E133900AB5B24 /* FluidR3_GM-109.caf in Resources */,
				8A067826142E133900AB5B24 /* FluidR3_GM-110.caf in Resources */,
				8A067827142E133900AB5B24 /* FluidR3_GM-111.caf in Resources */,
				8A067828142E133900AB5B24 /* FluidR3_GM-112.caf in Resources */,
				8A067829142E133900AB5B24 /* FluidR3_GM-113.caf in Resources */,
				8A06782A142E133900AB5B24 /* FluidR3_GM-114.caf in Resources */,
				8A06782B142E133900AB5B24 /* FluidR3_GM-115.caf in Resources */,
				8A06782C142E133900AB5B24 /* FluidR3_GM-116.caf in Resources */,
				8A06782D142E133900AB5B24 /* FluidR3_GM-117.caf in Resources */,
				8A06782E142E133900AB5B24 /* FluidR3_GM-118.caf in Resources */,
				8A06782F142E133900AB5B24 /* FluidR3_GM-119.caf in Resources */,
				8A067830142E133900AB5B24 /* FluidR3_GM-120.caf in Resources */,
				8A067831142E133900AB5B24 /* FluidR3_GM-121.caf in Resources */,
				8A067832142E133900AB5B24 /* FluidR3_GM-122.caf in Resources */,
				8A067833142E133900AB5B24 /* FluidR3_GM-123.caf in Resources */,
				8A067834142E133900AB5B24 /* FluidR3_GM-124.caf in Resources */,
				8A067835142E133900AB5B24 /* FluidR3_GM-125.caf in Resources */,
				8A067836142E133900AB5B24 /* FluidR3_GM-126.caf in Resources */,
				8A067837142E133900AB5B24 /* FluidR3_GM-127.caf in Resources */,
			);
			runOnlyForDeploymentPostprocessing = 0;
		};
/* End PBXResourcesBuildPhase section */

/* Begin PBXSourcesBuildPhase section */
		8A52D1071424B36E00854CC0 /* Sources */ = {
			isa = PBXSourcesBuildPhase;
			buildActionMask = 2147483647;
			files = (
				8A52D11C1424B36E00854CC0 /* main.m in Sources */,
				8A52D1201424B36E00854CC0 /* SimpleSynthAppDelegate.m in Sources */,
				8A52D12A1424B79B00854CC0 /* NNKeyboardVC.m in Sources */,
				8A52D1331424C77F00854CC0 /* SynthController.m in Sources */,
				8A52D13A1424C91100854CC0 /* NASession.m in Sources */,
				8A52D13D1424C92A00854CC0 /* NANode.m in Sources */,
				8A52D1411424C95A00854CC0 /* NARemoteIO.m in Sources */,
				8A52D1441424C96B00854CC0 /* NASineWave.m in Sources */,
				8A52D1471424C97D00854CC0 /* NAReverbEffect.m in Sources */,
				8A52D14B1424C9A800854CC0 /* NACallback.m in Sources */,
				8A52D14E1424C9B800854CC0 /* NADescription.m in Sources */,
				8A52D1511424C9C800854CC0 /* NALevelMeter.m in Sources */,
				8A52D1541424C9DB00854CC0 /* NAMIDI.m in Sources */,
				8A52D1571424C9F000854CC0 /* NARecorder.m in Sources */,
				8A52D15A1424C9FC00854CC0 /* NAUtils.m in Sources */,
				8A979A511424FC280012638A /* NAMixer.m in Sources */,
				8ABF0F36142F4A38000B95EE /* NNKeyboard.m in Sources */,
				8A900F8614352F2F001C28D3 /* LevelMeterView.m in Sources */,
			);
			runOnlyForDeploymentPostprocessing = 0;
		};
/* End PBXSourcesBuildPhase section */

/* Begin PBXVariantGroup section */
		8A52D1181424B36E00854CC0 /* InfoPlist.strings */ = {
			isa = PBXVariantGroup;
			children = (
				8A52D1191424B36E00854CC0 /* en */,
			);
			name = InfoPlist.strings;
			sourceTree = "<group>";
		};
/* End PBXVariantGroup section */

/* Begin XCBuildConfiguration section */
		8A52D1211424B36E00854CC0 /* Debug */ = {
			isa = XCBuildConfiguration;
			buildSettings = {
				ALWAYS_SEARCH_USER_PATHS = NO;
				ARCHS = "$(ARCHS_STANDARD_32_BIT)";
				CLANG_ENABLE_OBJC_ARC = YES;
				"CODE_SIGN_IDENTITY[sdk=iphoneos*]" = "iPhone Developer";
				COPY_PHASE_STRIP = NO;
				GCC_C_LANGUAGE_STANDARD = gnu99;
				GCC_DYNAMIC_NO_PIC = NO;
				GCC_OPTIMIZATION_LEVEL = 0;
				GCC_PREPROCESSOR_DEFINITIONS = (
					"DEBUG=1",
					"$(inherited)",
				);
				GCC_SYMBOLS_PRIVATE_EXTERN = NO;
				GCC_VERSION = com.apple.compilers.llvm.clang.1_0;
				GCC_WARN_ABOUT_MISSING_PROTOTYPES = YES;
				GCC_WARN_ABOUT_RETURN_TYPE = YES;
				GCC_WARN_UNUSED_VARIABLE = YES;
				IPHONEOS_DEPLOYMENT_TARGET = 5.0;
				SDKROOT = iphoneos;
				TARGETED_DEVICE_FAMILY = "1,2";
			};
			name = Debug;
		};
		8A52D1221424B36E00854CC0 /* Release */ = {
			isa = XCBuildConfiguration;
			buildSettings = {
				ALWAYS_SEARCH_USER_PATHS = NO;
				ARCHS = "$(ARCHS_STANDARD_32_BIT)";
				CLANG_ENABLE_OBJC_ARC = YES;
				"CODE_SIGN_IDENTITY[sdk=iphoneos*]" = "iPhone Developer";
				COPY_PHASE_STRIP = YES;
				GCC_C_LANGUAGE_STANDARD = gnu99;
				GCC_VERSION = com.apple.compilers.llvm.clang.1_0;
				GCC_WARN_ABOUT_MISSING_PROTOTYPES = YES;
				GCC_WARN_ABOUT_RETURN_TYPE = YES;
				GCC_WARN_UNUSED_VARIABLE = YES;
				IPHONEOS_DEPLOYMENT_TARGET = 5.0;
				OTHER_CFLAGS = "-DNS_BLOCK_ASSERTIONS=1";
				SDKROOT = iphoneos;
				TARGETED_DEVICE_FAMILY = "1,2";
				VALIDATE_PRODUCT = YES;
			};
			name = Release;
		};
		8A52D1241424B36E00854CC0 /* Debug */ = {
			isa = XCBuildConfiguration;
			buildSettings = {
				CLANG_WARN_OBJC_IMPLICIT_ATOMIC_PROPERTIES = YES;
				GCC_PRECOMPILE_PREFIX_HEADER = YES;
				GCC_PREFIX_HEADER = "SimpleSynth/SimpleSynth-Prefix.pch";
				GCC_TREAT_IMPLICIT_FUNCTION_DECLARATIONS_AS_ERRORS = YES;
				GCC_TREAT_INCOMPATIBLE_POINTER_TYPE_WARNINGS_AS_ERRORS = YES;
				GCC_TREAT_WARNINGS_AS_ERRORS = YES;
				GCC_WARN_SHADOW = YES;
				INFOPLIST_FILE = "SimpleSynth/SimpleSynth-Info.plist";
				IPHONEOS_DEPLOYMENT_TARGET = 4.3;
				PRODUCT_NAME = "$(TARGET_NAME)";
				WRAPPER_EXTENSION = app;
			};
			name = Debug;
		};
		8A52D1251424B36E00854CC0 /* Release */ = {
			isa = XCBuildConfiguration;
			buildSettings = {
				CLANG_WARN_OBJC_IMPLICIT_ATOMIC_PROPERTIES = YES;
				GCC_PRECOMPILE_PREFIX_HEADER = YES;
				GCC_PREFIX_HEADER = "SimpleSynth/SimpleSynth-Prefix.pch";
				GCC_TREAT_IMPLICIT_FUNCTION_DECLARATIONS_AS_ERRORS = YES;
				GCC_TREAT_INCOMPATIBLE_POINTER_TYPE_WARNINGS_AS_ERRORS = YES;
				GCC_TREAT_WARNINGS_AS_ERRORS = YES;
				GCC_WARN_SHADOW = YES;
				INFOPLIST_FILE = "SimpleSynth/SimpleSynth-Info.plist";
				IPHONEOS_DEPLOYMENT_TARGET = 4.3;
				PRODUCT_NAME = "$(TARGET_NAME)";
				WRAPPER_EXTENSION = app;
			};
			name = Release;
		};
/* End XCBuildConfiguration section */

/* Begin XCConfigurationList section */
		8A52D1051424B36D00854CC0 /* Build configuration list for PBXProject "SimpleSynth" */ = {
			isa = XCConfigurationList;
			buildConfigurations = (
				8A52D1211424B36E00854CC0 /* Debug */,
				8A52D1221424B36E00854CC0 /* Release */,
			);
			defaultConfigurationIsVisible = 0;
			defaultConfigurationName = Release;
		};
		8A52D1231424B36E00854CC0 /* Build configuration list for PBXNativeTarget "SimpleSynth" */ = {
			isa = XCConfigurationList;
			buildConfigurations = (
				8A52D1241424B36E00854CC0 /* Debug */,
				8A52D1251424B36E00854CC0 /* Release */,
			);
			defaultConfigurationIsVisible = 0;
			defaultConfigurationName = Release;
		};
/* End XCConfigurationList section */
	};
	rootObject = 8A52D1021424B36D00854CC0 /* Project object */;
}
